// !$*UTF8*$!
{
	archiveVersion = 1;
	classes = {
	};
	objectVersion = 46;
	objects = {

/* Begin PBXBuildFile section */
		A198A2711CAD4D490021F739 /* AppDelegate.swift in Sources */ = {isa = PBXBuildFile; fileRef = A198A2701CAD4D490021F739 /* AppDelegate.swift */; };
		A198A2731CAD4D490021F739 /* ViewController.swift in Sources */ = {isa = PBXBuildFile; fileRef = A198A2721CAD4D490021F739 /* ViewController.swift */; };
		A198A2761CAD4D490021F739 /* Main.storyboard in Resources */ = {isa = PBXBuildFile; fileRef = A198A2741CAD4D490021F739 /* Main.storyboard */; };
		A198A2781CAD4D490021F739 /* Assets.xcassets in Resources */ = {isa = PBXBuildFile; fileRef = A198A2771CAD4D490021F739 /* Assets.xcassets */; };
		A198A27B1CAD4D4A0021F739 /* LaunchScreen.storyboard in Resources */ = {isa = PBXBuildFile; fileRef = A198A2791CAD4D4A0021F739 /* LaunchScreen.storyboard */; };
		A198A2861CAD4D4A0021F739 /* swift_NavigationControllerTests.swift in Sources */ = {isa = PBXBuildFile; fileRef = A198A2851CAD4D4A0021F739 /* swift_NavigationControllerTests.swift */; };
		A198A2911CAD4D4A0021F739 /* swift_NavigationControllerUITests.swift in Sources */ = {isa = PBXBuildFile; fileRef = A198A2901CAD4D4A0021F739 /* swift_NavigationControllerUITests.swift */; };
/* End PBXBuildFile section */

/* Begin PBXContainerItemProxy section */
		A198A2821CAD4D4A0021F739 /* PBXContainerItemProxy */ = {
			isa = PBXContainerItemProxy;
			containerPortal = A198A2651CAD4D490021F739 /* Project object */;
			proxyType = 1;
			remoteGlobalIDString = A198A26C1CAD4D490021F739;
			remoteInfo = swift_NavigationController;
		};
		A198A28D1CAD4D4A0021F739 /* PBXContainerItemProxy */ = {
			isa = PBXContainerItemProxy;
			containerPortal = A198A2651CAD4D490021F739 /* Project object */;
			proxyType = 1;
			remoteGlobalIDString = A198A26C1CAD4D490021F739;
			remoteInfo = swift_NavigationController;
		};
/* End PBXContainerItemProxy section */

/* Begin PBXFileReference section */
		A198A26D1CAD4D490021F739 /* swift_NavigationController.app */ = {isa = PBXFileReference; explicitFileType = wrapper.application; includeInIndex = 0; path = swift_NavigationController.app; sourceTree = BUILT_PRODUCTS_DIR; };
		A198A2701CAD4D490021F739 /* AppDelegate.swift */ = {isa = PBXFileReference; lastKnownFileType = sourcecode.swift; path = AppDelegate.swift; sourceTree = "<group>"; };
		A198A2721CAD4D490021F739 /* ViewController.swift */ = {isa = PBXFileReference; lastKnownFileType = sourcecode.swift; path = ViewController.swift; sourceTree = "<group>"; };
		A198A2751CAD4D490021F739 /* Base */ = {isa = PBXFileReference; lastKnownFileType = file.storyboard; name = Base; path = Base.lproj/Main.storyboard; sourceTree = "<group>"; };
		A198A2771CAD4D490021F739 /* Assets.xcassets */ = {isa = PBXFileReference; lastKnownFileType = folder.assetcatalog; path = Assets.xcassets; sourceTree = "<group>"; };
		A198A27A1CAD4D4A0021F739 /* Base */ = {isa = PBXFileReference; lastKnownFileType = file.storyboard; name = Base; path = Base.lproj/LaunchScreen.storyboard; sourceTree = "<group>"; };
		A198A27C1CAD4D4A0021F739 /* Info.plist */ = {isa = PBXFileReference; lastKnownFileType = text.plist.xml; path = Info.plist; sourceTree = "<group>"; };
		A198A2811CAD4D4A0021F739 /* swift_NavigationControllerTests.xctest */ = {isa = PBXFileReference; explicitFileType = wrapper.cfbundle; includeInIndex = 0; path = swift_NavigationControllerTests.xctest; sourceTree = BUILT_PRODUCTS_DIR; };
		A198A2851CAD4D4A0021F739 /* swift_NavigationControllerTests.swift */ = {isa = PBXFileReference; lastKnownFileType = sourcecode.swift; path = swift_NavigationControllerTests.swift; sourceTree = "<group>"; };
		A198A2871CAD4D4A0021F739 /* Info.plist */ = {isa = PBXFileReference; lastKnownFileType = text.plist.xml; path = Info.plist; sourceTree = "<group>"; };
		A198A28C1CAD4D4A0021F739 /* swift_NavigationControllerUITests.xctest */ = {isa = PBXFileReference; explicitFileType = wrapper.cfbundle; includeInIndex = 0; path = swift_NavigationControllerUITests.xctest; sourceTree = BUILT_PRODUCTS_DIR; };
		A198A2901CAD4D4A0021F739 /* swift_NavigationControllerUITests.swift */ = {isa = PBXFileReference; lastKnownFileType = sourcecode.swift; path = swift_NavigationControllerUITests.swift; sourceTree = "<group>"; };
		A198A2921CAD4D4A0021F739 /* Info.plist */ = {isa = PBXFileReference; lastKnownFileType = text.plist.xml; path = Info.plist; sourceTree = "<group>"; };
/* End PBXFileReference section */

/* Begin PBXFrameworksBuildPhase section */
		A198A26A1CAD4D490021F739 /* Frameworks */ = {
			isa = PBXFrameworksBuildPhase;
			buildActionMask = 2147483647;
			files = (
			);
			runOnlyForDeploymentPostprocessing = 0;
		};
		A198A27E1CAD4D4A0021F739 /* Frameworks */ = {
			isa = PBXFrameworksBuildPhase;
			buildActionMask = 2147483647;
			files = (
			);
			runOnlyForDeploymentPostprocessing = 0;
		};
		A198A2891CAD4D4A0021F739 /* Frameworks */ = {
			isa = PBXFrameworksBuildPhase;
			buildActionMask = 2147483647;
			files = (
			);
			runOnlyForDeploymentPostprocessing = 0;
		};
/* End PBXFrameworksBuildPhase section */

/* Begin PBXGroup section */
		A198A2641CAD4D490021F739 = {
			isa = PBXGroup;
			children = (
				A198A26F1CAD4D490021F739 /* swift_NavigationController */,
				A198A2841CAD4D4A0021F739 /* swift_NavigationControllerTests */,
				A198A28F1CAD4D4A0021F739 /* swift_NavigationControllerUITests */,
				A198A26E1CAD4D490021F739 /* Products */,
			);
			sourceTree = "<group>";
		};
		A198A26E1CAD4D490021F739 /* Products */ = {
			isa = PBXGroup;
			children = (
				A198A26D1CAD4D490021F739 /* swift_NavigationController.app */,
				A198A2811CAD4D4A0021F739 /* swift_NavigationControllerTests.xctest */,
				A198A28C1CAD4D4A0021F739 /* swift_NavigationControllerUITests.xctest */,
			);
			name = Products;
			sourceTree = "<group>";
		};
		A198A26F1CAD4D490021F739 /* swift_NavigationController */ = {
			isa = PBXGroup;
			children = (
				A198A2701CAD4D490021F739 /* AppDelegate.swift */,
				A198A2721CAD4D490021F739 /* ViewController.swift */,
				A198A2741CAD4D490021F739 /* Main.storyboard */,
				A198A2771CAD4D490021F739 /* Assets.xcassets */,
				A198A2791CAD4D4A0021F739 /* LaunchScreen.storyboard */,
				A198A27C1CAD4D4A0021F739 /* Info.plist */,
			);
			path = swift_NavigationController;
			sourceTree = "<group>";
		};
		A198A2841CAD4D4A0021F739 /* swift_NavigationControllerTests */ = {
			isa = PBXGroup;
			children = (
				A198A2851CAD4D4A0021F739 /* swift_NavigationControllerTests.swift */,
				A198A2871CAD4D4A0021F739 /* Info.plist */,
			);
			path = swift_NavigationControllerTests;
			sourceTree = "<group>";
		};
		A198A28F1CAD4D4A0021F739 /* swift_NavigationControllerUITests */ = {
			isa = PBXGroup;
			children = (
				A198A2901CAD4D4A0021F739 /* swift_NavigationControllerUITests.swift */,
				A198A2921CAD4D4A0021F739 /* Info.plist */,
			);
			path = swift_NavigationControllerUITests;
			sourceTree = "<group>";
		};
/* End PBXGroup section */

/* Begin PBXNativeTarget section */
		A198A26C1CAD4D490021F739 /* swift_NavigationController */ = {
			isa = PBXNativeTarget;
			buildConfigurationList = A198A2951CAD4D4A0021F739 /* Build configuration list for PBXNativeTarget "swift_NavigationController" */;
			buildPhases = (
				A198A2691CAD4D490021F739 /* Sources */,
				A198A26A1CAD4D490021F739 /* Frameworks */,
				A198A26B1CAD4D490021F739 /* Resources */,
			);
			buildRules = (
			);
			dependencies = (
			);
			name = swift_NavigationController;
			productName = swift_NavigationController;
			productReference = A198A26D1CAD4D490021F739 /* swift_NavigationController.app */;
			productType = "com.apple.product-type.application";
		};
		A198A2801CAD4D4A0021F739 /* swift_NavigationControllerTests */ = {
			isa = PBXNativeTarget;
			buildConfigurationList = A198A2981CAD4D4A0021F739 /* Build configuration list for PBXNativeTarget "swift_NavigationControllerTests" */;
			buildPhases = (
				A198A27D1CAD4D4A0021F739 /* Sources */,
				A198A27E1CAD4D4A0021F739 /* Frameworks */,
				A198A27F1CAD4D4A0021F739 /* Resources */,
			);
			buildRules = (
			);
			dependencies = (
				A198A2831CAD4D4A0021F739 /* PBXTargetDependency */,
			);
			name = swift_NavigationControllerTests;
			productName = swift_NavigationControllerTests;
			productReference = A198A2811CAD4D4A0021F739 /* swift_NavigationControllerTests.xctest */;
			productType = "com.apple.product-type.bundle.unit-test";
		};
		A198A28B1CAD4D4A0021F739 /* swift_NavigationControllerUITests */ = {
			isa = PBXNativeTarget;
			buildConfigurationList = A198A29B1CAD4D4A0021F739 /* Build configuration list for PBXNativeTarget "swift_NavigationControllerUITests" */;
			buildPhases = (
				A198A2881CAD4D4A0021F739 /* Sources */,
				A198A2891CAD4D4A0021F739 /* Frameworks */,
				A198A28A1CAD4D4A0021F739 /* Resources */,
			);
			buildRules = (
			);
			dependencies = (
				A198A28E1CAD4D4A0021F739 /* PBXTargetDependency */,
			);
			name = swift_NavigationControllerUITests;
			productName = swift_NavigationControllerUITests;
			productReference = A198A28C1CAD4D4A0021F739 /* swift_NavigationControllerUITests.xctest */;
			productType = "com.apple.product-type.bundle.ui-testing";
		};
/* End PBXNativeTarget section */

/* Begin PBXProject section */
		A198A2651CAD4D490021F739 /* Project object */ = {
			isa = PBXProject;
			attributes = {
				LastSwiftUpdateCheck = 0730;
				LastUpgradeCheck = 0730;
				ORGANIZATIONNAME = "赵斌";
				TargetAttributes = {
					A198A26C1CAD4D490021F739 = {
						CreatedOnToolsVersion = 7.3;
					};
					A198A2801CAD4D4A0021F739 = {
						CreatedOnToolsVersion = 7.3;
						TestTargetID = A198A26C1CAD4D490021F739;
					};
					A198A28B1CAD4D4A0021F739 = {
						CreatedOnToolsVersion = 7.3;
						TestTargetID = A198A26C1CAD4D490021F739;
					};
				};
			};
			buildConfigurationList = A198A2681CAD4D490021F739 /* Build configuration list for PBXProject "swift_NavigationController" */;
			compatibilityVersion = "Xcode 3.2";
			developmentRegion = English;
			hasScannedForEncodings = 0;
			knownRegions = (
				en,
				Base,
			);
			mainGroup = A198A2641CAD4D490021F739;
			productRefGroup = A198A26E1CAD4D490021F739 /* Products */;
			projectDirPath = "";
			projectRoot = "";
			targets = (
				A198A26C1CAD4D490021F739 /* swift_NavigationController */,
				A198A2801CAD4D4A0021F739 /* swift_NavigationControllerTests */,
				A198A28B1CAD4D4A0021F739 /* swift_NavigationControllerUITests */,
			);
		};
/* End PBXProject section */

/* Begin PBXResourcesBuildPhase section */
		A198A26B1CAD4D490021F739 /* Resources */ = {
			isa = PBXResourcesBuildPhase;
			buildActionMask = 2147483647;
			files = (
				A198A27B1CAD4D4A0021F739 /* LaunchScreen.storyboard in Resources */,
				A198A2781CAD4D490021F739 /* Assets.xcassets in Resources */,
				A198A2761CAD4D490021F739 /* Main.storyboard in Resources */,
			);
			runOnlyForDeploymentPostprocessing = 0;
		};
		A198A27F1CAD4D4A0021F739 /* Resources */ = {
			isa = PBXResourcesBuildPhase;
			buildActionMask = 2147483647;
			files = (
			);
			runOnlyForDeploymentPostprocessing = 0;
		};
		A198A28A1CAD4D4A0021F739 /* Resources */ = {
			isa = PBXResourcesBuildPhase;
			buildActionMask = 2147483647;
			files = (
			);
			runOnlyForDeploymentPostprocessing = 0;
		};
/* End PBXResourcesBuildPhase section */

/* Begin PBXSourcesBuildPhase section */
		A198A2691CAD4D490021F739 /* Sources */ = {
			isa = PBXSourcesBuildPhase;
			buildActionMask = 2147483647;
			files = (
				A198A2731CAD4D490021F739 /* ViewController.swift in Sources */,
				A198A2711CAD4D490021F739 /* AppDelegate.swift in Sources */,
			);
			runOnlyForDeploymentPostprocessing = 0;
		};
		A198A27D1CAD4D4A0021F739 /* Sources */ = {
			isa = PBXSourcesBuildPhase;
			buildActionMask = 2147483647;
			files = (
				A198A2861CAD4D4A0021F739 /* swift_NavigationControllerTests.swift in Sources */,
			);
			runOnlyForDeploymentPostprocessing = 0;
		};
		A198A2881CAD4D4A0021F739 /* Sources */ = {
			isa = PBXSourcesBuildPhase;
			buildActionMask = 2147483647;
			files = (
				A198A2911CAD4D4A0021F739 /* swift_NavigationControllerUITests.swift in Sources */,
			);
			runOnlyForDeploymentPostprocessing = 0;
		};
/* End PBXSourcesBuildPhase section */

/* Begin PBXTargetDependency section */
		A198A2831CAD4D4A0021F739 /* PBXTargetDependency */ = {
			isa = PBXTargetDependency;
			target = A198A26C1CAD4D490021F739 /* swift_NavigationController */;
			targetProxy = A198A2821CAD4D4A0021F739 /* PBXContainerItemProxy */;
		};
		A198A28E1CAD4D4A0021F739 /* PBXTargetDependency */ = {
			isa = PBXTargetDependency;
			target = A198A26C1CAD4D490021F739 /* swift_NavigationController */;
			targetProxy = A198A28D1CAD4D4A0021F739 /* PBXContainerItemProxy */;
		};
/* End PBXTargetDependency section */

/* Begin PBXVariantGroup section */
		A198A2741CAD4D490021F739 /* Main.storyboard */ = {
			isa = PBXVariantGroup;
			children = (
				A198A2751CAD4D490021F739 /* Base */,
			);
			name = Main.storyboard;
			sourceTree = "<group>";
		};
		A198A2791CAD4D4A0021F739 /* LaunchScreen.storyboard */ = {
			isa = PBXVariantGroup;
			children = (
				A198A27A1CAD4D4A0021F739 /* Base */,
			);
			name = LaunchScreen.storyboard;
			sourceTree = "<group>";
		};
/* End PBXVariantGroup section */

/* Begin XCBuildConfiguration section */
		A198A2931CAD4D4A0021F739 /* Debug */ = {
			isa = XCBuildConfiguration;
			buildSettings = {
				ALWAYS_SEARCH_USER_PATHS = NO;
				CLANG_ANALYZER_NONNULL = YES;
				CLANG_CXX_LANGUAGE_STANDARD = "gnu++0x";
				CLANG_CXX_LIBRARY = "libc++";
				CLANG_ENABLE_MODULES = YES;
				CLANG_ENABLE_OBJC_ARC = YES;
				CLANG_WARN_BOOL_CONVERSION = YES;
				CLANG_WARN_CONSTANT_CONVERSION = YES;
				CLANG_WARN_DIRECT_OBJC_ISA_USAGE = YES_ERROR;
				CLANG_WARN_EMPTY_BODY = YES;
				CLANG_WARN_ENUM_CONVERSION = YES;
				CLANG_WARN_INT_CONVERSION = YES;
				CLANG_WARN_OBJC_ROOT_CLASS = YES_ERROR;
				CLANG_WARN_UNREACHABLE_CODE = YES;
				CLANG_WARN__DUPLICATE_METHOD_MATCH = YES;
				"CODE_SIGN_IDENTITY[sdk=iphoneos*]" = "iPhone Developer";
				COPY_PHASE_STRIP = NO;
				DEBUG_INFORMATION_FORMAT = dwarf;
				ENABLE_STRICT_OBJC_MSGSEND = YES;
				ENABLE_TESTABILITY = YES;
				GCC_C_LANGUAGE_STANDARD = gnu99;
				GCC_DYNAMIC_NO_PIC = NO;
				GCC_NO_COMMON_BLOCKS = YES;
				GCC_OPTIMIZATION_LEVEL = 0;
				GCC_PREPROCESSOR_DEFINITIONS = (
					"DEBUG=1",
					"$(inherited)",
				);
				GCC_WARN_64_TO_32_BIT_CONVERSION = YES;
				GCC_WARN_ABOUT_RETURN_TYPE = YES_ERROR;
				GCC_WARN_UNDECLARED_SELECTOR = YES;
				GCC_WARN_UNINITIALIZED_AUTOS = YES_AGGRESSIVE;
				GCC_WARN_UNUSED_FUNCTION = YES;
				GCC_WARN_UNUSED_VARIABLE = YES;
				IPHONEOS_DEPLOYMENT_TARGET = 9.3;
				MTL_ENABLE_DEBUG_INFO = YES;
				ONLY_ACTIVE_ARCH = YES;
				SDKROOT = iphoneos;
				SWIFT_OPTIMIZATION_LEVEL = "-Onone";
				TARGETED_DEVICE_FAMILY = "1,2";
			};
			name = Debug;
		};
		A198A2941CAD4D4A0021F739 /* Release */ = {
			isa = XCBuildConfiguration;
			buildSettings = {
				ALWAYS_SEARCH_USER_PATHS = NO;
				CLANG_ANALYZER_NONNULL = YES;
				CLANG_CXX_LANGUAGE_STANDARD = "gnu++0x";
				CLANG_CXX_LIBRARY = "libc++";
				CLANG_ENABLE_MODULES = YES;
				CLANG_ENABLE_OBJC_ARC = YES;
				CLANG_WARN_BOOL_CONVERSION = YES;
				CLANG_WARN_CONSTANT_CONVERSION = YES;
				CLANG_WARN_DIRECT_OBJC_ISA_USAGE = YES_ERROR;
				CLANG_WARN_EMPTY_BODY = YES;
				CLANG_WARN_ENUM_CONVERSION = YES;
				CLANG_WARN_INT_CONVERSION = YES;
				CLANG_WARN_OBJC_ROOT_CLASS = YES_ERROR;
				CLANG_WARN_UNREACHABLE_CODE = YES;
				CLANG_WARN__DUPLICATE_METHOD_MATCH = YES;
				"CODE_SIGN_IDENTITY[sdk=iphoneos*]" = "iPhone Developer";
				COPY_PHASE_STRIP = NO;
				DEBUG_INFORMATION_FORMAT = "dwarf-with-dsym";
				ENABLE_NS_ASSERTIONS = NO;
				ENABLE_STRICT_OBJC_MSGSEND = YES;
				GCC_C_LANGUAGE_STANDARD = gnu99;
				GCC_NO_COMMON_BLOCKS = YES;
				GCC_WARN_64_TO_32_BIT_CONVERSION = YES;
				GCC_WARN_ABOUT_RETURN_TYPE = YES_ERROR;
				GCC_WARN_UNDECLARED_SELECTOR = YES;
				GCC_WARN_UNINITIALIZED_AUTOS = YES_AGGRESSIVE;
				GCC_WARN_UNUSED_FUNCTION = YES;
				GCC_WARN_UNUSED_VARIABLE = YES;
				IPHONEOS_DEPLOYMENT_TARGET = 9.3;
				MTL_ENABLE_DEBUG_INFO = NO;
				SDKROOT = iphoneos;
				TARGETED_DEVICE_FAMILY = "1,2";
				VALIDATE_PRODUCT = YES;
			};
			name = Release;
		};
		A198A2961CAD4D4A0021F739 /* Debug */ = {
			isa = XCBuildConfiguration;
			buildSettings = {
				ASSETCATALOG_COMPILER_APPICON_NAME = AppIcon;
				INFOPLIST_FILE = swift_NavigationController/Info.plist;
				LD_RUNPATH_SEARCH_PATHS = "$(inherited) @executable_path/Frameworks";
				PRODUCT_BUNDLE_IDENTIFIER = "zhaobin.swift-NavigationController";
				PRODUCT_NAME = "$(TARGET_NAME)";
			};
			name = Debug;
		};
		A198A2971CAD4D4A0021F739 /* Release */ = {
			isa = XCBuildConfiguration;
			buildSettings = {
				ASSETCATALOG_COMPILER_APPICON_NAME = AppIcon;
				INFOPLIST_FILE = swift_NavigationController/Info.plist;
				LD_RUNPATH_SEARCH_PATHS = "$(inherited) @executable_path/Frameworks";
				PRODUCT_BUNDLE_IDENTIFIER = "zhaobin.swift-NavigationController";
				PRODUCT_NAME = "$(TARGET_NAME)";
			};
			name = Release;
		};
		A198A2991CAD4D4A0021F739 /* Debug */ = {
			isa = XCBuildConfiguration;
			buildSettings = {
				BUNDLE_LOADER = "$(TEST_HOST)";
				INFOPLIST_FILE = swift_NavigationControllerTests/Info.plist;
				LD_RUNPATH_SEARCH_PATHS = "$(inherited) @executable_path/Frameworks @loader_path/Frameworks";
				PRODUCT_BUNDLE_IDENTIFIER = "zhaobin.swift-NavigationControllerTests";
				PRODUCT_NAME = "$(TARGET_NAME)";
				TEST_HOST = "$(BUILT_PRODUCTS_DIR)/swift_NavigationController.app/swift_NavigationController";
			};
			name = Debug;
		};
		A198A29A1CAD4D4A0021F739 /* Release */ = {
			isa = XCBuildConfiguration;
			buildSettings = {
				BUNDLE_LOADER = "$(TEST_HOST)";
				INFOPLIST_FILE = swift_NavigationControllerTests/Info.plist;
				LD_RUNPATH_SEARCH_PATHS = "$(inherited) @executable_path/Frameworks @loader_path/Frameworks";
				PRODUCT_BUNDLE_IDENTIFIER = "zhaobin.swift-NavigationControllerTests";
				PRODUCT_NAME = "$(TARGET_NAME)";
				TEST_HOST = "$(BUILT_PRODUCTS_DIR)/swift_NavigationController.app/swift_NavigationController";
			};
			name = Release;
		};
		A198A29C1CAD4D4A0021F739 /* Debug */ = {
			isa = XCBuildConfiguration;
			buildSettings = {
				INFOPLIST_FILE = swift_NavigationControllerUITests/Info.plist;
				LD_RUNPATH_SEARCH_PATHS = "$(inherited) @executable_path/Frameworks @loader_path/Frameworks";
				PRODUCT_BUNDLE_IDENTIFIER = "zhaobin.swift-NavigationControllerUITests";
				PRODUCT_NAME = "$(TARGET_NAME)";
				TEST_TARGET_NAME = swift_NavigationController;
			};
			name = Debug;
		};
		A198A29D1CAD4D4A0021F739 /* Release */ = {
			isa = XCBuildConfiguration;
			buildSettings = {
				INFOPLIST_FILE = swift_NavigationControllerUITests/Info.plist;
				LD_RUNPATH_SEARCH_PATHS = "$(inherited) @executable_path/Frameworks @loader_path/Frameworks";
				PRODUCT_BUNDLE_IDENTIFIER = "zhaobin.swift-NavigationControllerUITests";
				PRODUCT_NAME = "$(TARGET_NAME)";
				TEST_TARGET_NAME = swift_NavigationController;
			};
			name = Release;
		};
/* End XCBuildConfiguration section */

/* Begin XCConfigurationList section */
		A198A2681CAD4D490021F739 /* Build configuration list for PBXProject "swift_NavigationController" */ = {
			isa = XCConfigurationList;
			buildConfigurations = (
				A198A2931CAD4D4A0021F739 /* Debug */,
				A198A2941CAD4D4A0021F739 /* Release */,
			);
			defaultConfigurationIsVisible = 0;
			defaultConfigurationName = Release;
		};
		A198A2951CAD4D4A0021F739 /* Build configuration list for PBXNativeTarget "swift_NavigationController" */ = {
			isa = XCConfigurationList;
			buildConfigurations = (
				A198A2961CAD4D4A0021F739 /* Debug */,
				A198A2971CAD4D4A0021F739 /* Release */,
			);
			defaultConfigurationIsVisible = 0;
		};
		A198A2981CAD4D4A0021F739 /* Build configuration list for PBXNativeTarget "swift_NavigationControllerTests" */ = {
			isa = XCConfigurationList;
			buildConfigurations = (
				A198A2991CAD4D4A0021F739 /* Debug */,
				A198A29A1CAD4D4A0021F739 /* Release */,
			);
			defaultConfigurationIsVisible = 0;
		};
		A198A29B1CAD4D4A0021F739 /* Build configuration list for PBXNativeTarget "swift_NavigationControllerUITests" */ = {
			isa = XCConfigurationList;
			buildConfigurations = (
				A198A29C1CAD4D4A0021F739 /* Debug */,
				A198A29D1CAD4D4A0021F739 /* Release */,
			);
			defaultConfigurationIsVisible = 0;
		};
/* End XCConfigurationList section */
	};
	rootObject = A198A2651CAD4D490021F739 /* Project object */;
}
