// !$*UTF8*$!
{
	archiveVersion = 1;
	classes = {
	};
	objectVersion = 46;
	objects = {

/* Begin PBXBuildFile section */
		BDB0AE0B1D13E567007F52B8 /* AppDelegate.swift in Sources */ = {isa = PBXBuildFile; fileRef = BDB0AE0A1D13E567007F52B8 /* AppDelegate.swift */; };
		BDB0AE0D1D13E567007F52B8 /* ViewController.swift in Sources */ = {isa = PBXBuildFile; fileRef = BDB0AE0C1D13E567007F52B8 /* ViewController.swift */; };
		BDB0AE101D13E567007F52B8 /* Main.storyboard in Resources */ = {isa = PBXBuildFile; fileRef = BDB0AE0E1D13E567007F52B8 /* Main.storyboard */; };
		BDB0AE121D13E567007F52B8 /* Assets.xcassets in Resources */ = {isa = PBXBuildFile; fileRef = BDB0AE111D13E567007F52B8 /* Assets.xcassets */; };
		BDB0AE151D13E567007F52B8 /* LaunchScreen.storyboard in Resources */ = {isa = PBXBuildFile; fileRef = BDB0AE131D13E567007F52B8 /* LaunchScreen.storyboard */; };
		BDB0AE201D13E567007F52B8 /* NewHTKTests.swift in Sources */ = {isa = PBXBuildFile; fileRef = BDB0AE1F1D13E567007F52B8 /* NewHTKTests.swift */; };
		BDB0AE2B1D13E567007F52B8 /* NewHTKUITests.swift in Sources */ = {isa = PBXBuildFile; fileRef = BDB0AE2A1D13E567007F52B8 /* NewHTKUITests.swift */; };
/* End PBXBuildFile section */

/* Begin PBXContainerItemProxy section */
		BDB0AE1C1D13E567007F52B8 /* PBXContainerItemProxy */ = {
			isa = PBXContainerItemProxy;
			containerPortal = BDB0ADFF1D13E567007F52B8 /* Project object */;
			proxyType = 1;
			remoteGlobalIDString = BDB0AE061D13E567007F52B8;
			remoteInfo = NewHTK;
		};
		BDB0AE271D13E567007F52B8 /* PBXContainerItemProxy */ = {
			isa = PBXContainerItemProxy;
			containerPortal = BDB0ADFF1D13E567007F52B8 /* Project object */;
			proxyType = 1;
			remoteGlobalIDString = BDB0AE061D13E567007F52B8;
			remoteInfo = NewHTK;
		};
/* End PBXContainerItemProxy section */

/* Begin PBXFileReference section */
		BDB0AE071D13E567007F52B8 /* NewHTK.app */ = {isa = PBXFileReference; explicitFileType = wrapper.application; includeInIndex = 0; path = NewHTK.app; sourceTree = BUILT_PRODUCTS_DIR; };
		BDB0AE0A1D13E567007F52B8 /* AppDelegate.swift */ = {isa = PBXFileReference; lastKnownFileType = sourcecode.swift; path = AppDelegate.swift; sourceTree = "<group>"; };
		BDB0AE0C1D13E567007F52B8 /* ViewController.swift */ = {isa = PBXFileReference; lastKnownFileType = sourcecode.swift; path = ViewController.swift; sourceTree = "<group>"; };
		BDB0AE0F1D13E567007F52B8 /* Base */ = {isa = PBXFileReference; lastKnownFileType = file.storyboard; name = Base; path = Base.lproj/Main.storyboard; sourceTree = "<group>"; };
		BDB0AE111D13E567007F52B8 /* Assets.xcassets */ = {isa = PBXFileReference; lastKnownFileType = folder.assetcatalog; path = Assets.xcassets; sourceTree = "<group>"; };
		BDB0AE141D13E567007F52B8 /* Base */ = {isa = PBXFileReference; lastKnownFileType = file.storyboard; name = Base; path = Base.lproj/LaunchScreen.storyboard; sourceTree = "<group>"; };
		BDB0AE161D13E567007F52B8 /* Info.plist */ = {isa = PBXFileReference; lastKnownFileType = text.plist.xml; path = Info.plist; sourceTree = "<group>"; };
		BDB0AE1B1D13E567007F52B8 /* NewHTKTests.xctest */ = {isa = PBXFileReference; explicitFileType = wrapper.cfbundle; includeInIndex = 0; path = NewHTKTests.xctest; sourceTree = BUILT_PRODUCTS_DIR; };
		BDB0AE1F1D13E567007F52B8 /* NewHTKTests.swift */ = {isa = PBXFileReference; lastKnownFileType = sourcecode.swift; path = NewHTKTests.swift; sourceTree = "<group>"; };
		BDB0AE211D13E567007F52B8 /* Info.plist */ = {isa = PBXFileReference; lastKnownFileType = text.plist.xml; path = Info.plist; sourceTree = "<group>"; };
		BDB0AE261D13E567007F52B8 /* NewHTKUITests.xctest */ = {isa = PBXFileReference; explicitFileType = wrapper.cfbundle; includeInIndex = 0; path = NewHTKUITests.xctest; sourceTree = BUILT_PRODUCTS_DIR; };
		BDB0AE2A1D13E567007F52B8 /* NewHTKUITests.swift */ = {isa = PBXFileReference; lastKnownFileType = sourcecode.swift; path = NewHTKUITests.swift; sourceTree = "<group>"; };
		BDB0AE2C1D13E567007F52B8 /* Info.plist */ = {isa = PBXFileReference; lastKnownFileType = text.plist.xml; path = Info.plist; sourceTree = "<group>"; };
/* End PBXFileReference section */

/* Begin PBXFrameworksBuildPhase section */
		BDB0AE041D13E567007F52B8 /* Frameworks */ = {
			isa = PBXFrameworksBuildPhase;
			buildActionMask = 2147483647;
			files = (
			);
			runOnlyForDeploymentPostprocessing = 0;
		};
		BDB0AE181D13E567007F52B8 /* Frameworks */ = {
			isa = PBXFrameworksBuildPhase;
			buildActionMask = 2147483647;
			files = (
			);
			runOnlyForDeploymentPostprocessing = 0;
		};
		BDB0AE231D13E567007F52B8 /* Frameworks */ = {
			isa = PBXFrameworksBuildPhase;
			buildActionMask = 2147483647;
			files = (
			);
			runOnlyForDeploymentPostprocessing = 0;
		};
/* End PBXFrameworksBuildPhase section */

/* Begin PBXGroup section */
		BDB0ADFE1D13E567007F52B8 = {
			isa = PBXGroup;
			children = (
				BDB0AE091D13E567007F52B8 /* NewHTK */,
				BDB0AE1E1D13E567007F52B8 /* NewHTKTests */,
				BDB0AE291D13E567007F52B8 /* NewHTKUITests */,
				BDB0AE081D13E567007F52B8 /* Products */,
			);
			sourceTree = "<group>";
		};
		BDB0AE081D13E567007F52B8 /* Products */ = {
			isa = PBXGroup;
			children = (
				BDB0AE071D13E567007F52B8 /* NewHTK.app */,
				BDB0AE1B1D13E567007F52B8 /* NewHTKTests.xctest */,
				BDB0AE261D13E567007F52B8 /* NewHTKUITests.xctest */,
			);
			name = Products;
			sourceTree = "<group>";
		};
		BDB0AE091D13E567007F52B8 /* NewHTK */ = {
			isa = PBXGroup;
			children = (
				BDB0AE0A1D13E567007F52B8 /* AppDelegate.swift */,
				BDB0AE0C1D13E567007F52B8 /* ViewController.swift */,
				BDB0AE0E1D13E567007F52B8 /* Main.storyboard */,
				BDB0AE111D13E567007F52B8 /* Assets.xcassets */,
				BDB0AE131D13E567007F52B8 /* LaunchScreen.storyboard */,
				BDB0AE161D13E567007F52B8 /* Info.plist */,
			);
			path = NewHTK;
			sourceTree = "<group>";
		};
		BDB0AE1E1D13E567007F52B8 /* NewHTKTests */ = {
			isa = PBXGroup;
			children = (
				BDB0AE1F1D13E567007F52B8 /* NewHTKTests.swift */,
				BDB0AE211D13E567007F52B8 /* Info.plist */,
			);
			path = NewHTKTests;
			sourceTree = "<group>";
		};
		BDB0AE291D13E567007F52B8 /* NewHTKUITests */ = {
			isa = PBXGroup;
			children = (
				BDB0AE2A1D13E567007F52B8 /* NewHTKUITests.swift */,
				BDB0AE2C1D13E567007F52B8 /* Info.plist */,
			);
			path = NewHTKUITests;
			sourceTree = "<group>";
		};
/* End PBXGroup section */

/* Begin PBXNativeTarget section */
		BDB0AE061D13E567007F52B8 /* NewHTK */ = {
			isa = PBXNativeTarget;
			buildConfigurationList = BDB0AE2F1D13E567007F52B8 /* Build configuration list for PBXNativeTarget "NewHTK" */;
			buildPhases = (
				BDB0AE031D13E567007F52B8 /* Sources */,
				BDB0AE041D13E567007F52B8 /* Frameworks */,
				BDB0AE051D13E567007F52B8 /* Resources */,
			);
			buildRules = (
			);
			dependencies = (
			);
			name = NewHTK;
			productName = NewHTK;
			productReference = BDB0AE071D13E567007F52B8 /* NewHTK.app */;
			productType = "com.apple.product-type.application";
		};
		BDB0AE1A1D13E567007F52B8 /* NewHTKTests */ = {
			isa = PBXNativeTarget;
			buildConfigurationList = BDB0AE321D13E567007F52B8 /* Build configuration list for PBXNativeTarget "NewHTKTests" */;
			buildPhases = (
				BDB0AE171D13E567007F52B8 /* Sources */,
				BDB0AE181D13E567007F52B8 /* Frameworks */,
				BDB0AE191D13E567007F52B8 /* Resources */,
			);
			buildRules = (
			);
			dependencies = (
				BDB0AE1D1D13E567007F52B8 /* PBXTargetDependency */,
			);
			name = NewHTKTests;
			productName = NewHTKTests;
			productReference = BDB0AE1B1D13E567007F52B8 /* NewHTKTests.xctest */;
			productType = "com.apple.product-type.bundle.unit-test";
		};
		BDB0AE251D13E567007F52B8 /* NewHTKUITests */ = {
			isa = PBXNativeTarget;
			buildConfigurationList = BDB0AE351D13E567007F52B8 /* Build configuration list for PBXNativeTarget "NewHTKUITests" */;
			buildPhases = (
				BDB0AE221D13E567007F52B8 /* Sources */,
				BDB0AE231D13E567007F52B8 /* Frameworks */,
				BDB0AE241D13E567007F52B8 /* Resources */,
			);
			buildRules = (
			);
			dependencies = (
				BDB0AE281D13E567007F52B8 /* PBXTargetDependency */,
			);
			name = NewHTKUITests;
			productName = NewHTKUITests;
			productReference = BDB0AE261D13E567007F52B8 /* NewHTKUITests.xctest */;
			productType = "com.apple.product-type.bundle.ui-testing";
		};
/* End PBXNativeTarget section */

/* Begin PBXProject section */
		BDB0ADFF1D13E567007F52B8 /* Project object */ = {
			isa = PBXProject;
			attributes = {
				LastSwiftUpdateCheck = 0800;
				LastUpgradeCheck = 0800;
				ORGANIZATIONNAME = Zhao.bin;
				TargetAttributes = {
					BDB0AE061D13E567007F52B8 = {
						CreatedOnToolsVersion = 8.0;
						DevelopmentTeam = VV5JYD8YJW;
						DevelopmentTeamName = "斌 赵 (Personal Team)";
						ProvisioningStyle = Automatic;
					};
					BDB0AE1A1D13E567007F52B8 = {
						CreatedOnToolsVersion = 8.0;
						DevelopmentTeam = VV5JYD8YJW;
						DevelopmentTeamName = "斌 赵 (Personal Team)";
						ProvisioningStyle = Automatic;
						TestTargetID = BDB0AE061D13E567007F52B8;
					};
					BDB0AE251D13E567007F52B8 = {
						CreatedOnToolsVersion = 8.0;
						DevelopmentTeam = VV5JYD8YJW;
						DevelopmentTeamName = "斌 赵 (Personal Team)";
						ProvisioningStyle = Automatic;
						TestTargetID = BDB0AE061D13E567007F52B8;
					};
				};
			};
			buildConfigurationList = BDB0AE021D13E567007F52B8 /* Build configuration list for PBXProject "NewHTK" */;
			compatibilityVersion = "Xcode 3.2";
			developmentRegion = English;
			hasScannedForEncodings = 0;
			knownRegions = (
				en,
				Base,
			);
			mainGroup = BDB0ADFE1D13E567007F52B8;
			productRefGroup = BDB0AE081D13E567007F52B8 /* Products */;
			projectDirPath = "";
			projectRoot = "";
			targets = (
				BDB0AE061D13E567007F52B8 /* NewHTK */,
				BDB0AE1A1D13E567007F52B8 /* NewHTKTests */,
				BDB0AE251D13E567007F52B8 /* NewHTKUITests */,
			);
		};
/* End PBXProject section */

/* Begin PBXResourcesBuildPhase section */
		BDB0AE051D13E567007F52B8 /* Resources */ = {
			isa = PBXResourcesBuildPhase;
			buildActionMask = 2147483647;
			files = (
				BDB0AE151D13E567007F52B8 /* LaunchScreen.storyboard in Resources */,
				BDB0AE121D13E567007F52B8 /* Assets.xcassets in Resources */,
				BDB0AE101D13E567007F52B8 /* Main.storyboard in Resources */,
			);
			runOnlyForDeploymentPostprocessing = 0;
		};
		BDB0AE191D13E567007F52B8 /* Resources */ = {
			isa = PBXResourcesBuildPhase;
			buildActionMask = 2147483647;
			files = (
			);
			runOnlyForDeploymentPostprocessing = 0;
		};
		BDB0AE241D13E567007F52B8 /* Resources */ = {
			isa = PBXResourcesBuildPhase;
			buildActionMask = 2147483647;
			files = (
			);
			runOnlyForDeploymentPostprocessing = 0;
		};
/* End PBXResourcesBuildPhase section */

/* Begin PBXSourcesBuildPhase section */
		BDB0AE031D13E567007F52B8 /* Sources */ = {
			isa = PBXSourcesBuildPhase;
			buildActionMask = 2147483647;
			files = (
				BDB0AE0D1D13E567007F52B8 /* ViewController.swift in Sources */,
				BDB0AE0B1D13E567007F52B8 /* AppDelegate.swift in Sources */,
			);
			runOnlyForDeploymentPostprocessing = 0;
		};
		BDB0AE171D13E567007F52B8 /* Sources */ = {
			isa = PBXSourcesBuildPhase;
			buildActionMask = 2147483647;
			files = (
				BDB0AE201D13E567007F52B8 /* NewHTKTests.swift in Sources */,
			);
			runOnlyForDeploymentPostprocessing = 0;
		};
		BDB0AE221D13E567007F52B8 /* Sources */ = {
			isa = PBXSourcesBuildPhase;
			buildActionMask = 2147483647;
			files = (
				BDB0AE2B1D13E567007F52B8 /* NewHTKUITests.swift in Sources */,
			);
			runOnlyForDeploymentPostprocessing = 0;
		};
/* End PBXSourcesBuildPhase section */

/* Begin PBXTargetDependency section */
		BDB0AE1D1D13E567007F52B8 /* PBXTargetDependency */ = {
			isa = PBXTargetDependency;
			target = BDB0AE061D13E567007F52B8 /* NewHTK */;
			targetProxy = BDB0AE1C1D13E567007F52B8 /* PBXContainerItemProxy */;
		};
		BDB0AE281D13E567007F52B8 /* PBXTargetDependency */ = {
			isa = PBXTargetDependency;
			target = BDB0AE061D13E567007F52B8 /* NewHTK */;
			targetProxy = BDB0AE271D13E567007F52B8 /* PBXContainerItemProxy */;
		};
/* End PBXTargetDependency section */

/* Begin PBXVariantGroup section */
		BDB0AE0E1D13E567007F52B8 /* Main.storyboard */ = {
			isa = PBXVariantGroup;
			children = (
				BDB0AE0F1D13E567007F52B8 /* Base */,
			);
			name = Main.storyboard;
			sourceTree = "<group>";
		};
		BDB0AE131D13E567007F52B8 /* LaunchScreen.storyboard */ = {
			isa = PBXVariantGroup;
			children = (
				BDB0AE141D13E567007F52B8 /* Base */,
			);
			name = LaunchScreen.storyboard;
			sourceTree = "<group>";
		};
/* End PBXVariantGroup section */

/* Begin XCBuildConfiguration section */
		BDB0AE2D1D13E567007F52B8 /* Debug */ = {
			isa = XCBuildConfiguration;
			buildSettings = {
				ALWAYS_SEARCH_USER_PATHS = NO;
				CLANG_ANALYZER_NONNULL = YES;
				CLANG_CXX_LANGUAGE_STANDARD = "gnu++0x";
				CLANG_CXX_LIBRARY = "libc++";
				CLANG_ENABLE_MODULES = YES;
				CLANG_ENABLE_OBJC_ARC = YES;
				CLANG_WARN_BOOL_CONVERSION = YES;
				CLANG_WARN_CONSTANT_CONVERSION = YES;
				CLANG_WARN_DIRECT_OBJC_ISA_USAGE = YES_ERROR;
				CLANG_WARN_DOCUMENTATION_COMMENTS = YES;
				CLANG_WARN_EMPTY_BODY = YES;
				CLANG_WARN_ENUM_CONVERSION = YES;
				CLANG_WARN_INT_CONVERSION = YES;
				CLANG_WARN_OBJC_ROOT_CLASS = YES_ERROR;
				CLANG_WARN_UNREACHABLE_CODE = YES;
				CLANG_WARN__DUPLICATE_METHOD_MATCH = YES;
				"CODE_SIGN_IDENTITY[sdk=iphoneos*]" = "iPhone Developer";
				COPY_PHASE_STRIP = NO;
				DEBUG_INFORMATION_FORMAT = dwarf;
				ENABLE_STRICT_OBJC_MSGSEND = YES;
				ENABLE_TESTABILITY = YES;
				GCC_C_LANGUAGE_STANDARD = gnu99;
				GCC_DYNAMIC_NO_PIC = NO;
				GCC_NO_COMMON_BLOCKS = YES;
				GCC_OPTIMIZATION_LEVEL = 0;
				GCC_PREPROCESSOR_DEFINITIONS = (
					"DEBUG=1",
					"$(inherited)",
				);
				GCC_WARN_64_TO_32_BIT_CONVERSION = YES;
				GCC_WARN_ABOUT_RETURN_TYPE = YES_ERROR;
				GCC_WARN_UNDECLARED_SELECTOR = YES;
				GCC_WARN_UNINITIALIZED_AUTOS = YES_AGGRESSIVE;
				GCC_WARN_UNUSED_FUNCTION = YES;
				GCC_WARN_UNUSED_VARIABLE = YES;
				IPHONEOS_DEPLOYMENT_TARGET = 10.0;
				MTL_ENABLE_DEBUG_INFO = YES;
				ONLY_ACTIVE_ARCH = YES;
				SDKROOT = iphoneos;
				SWIFT_ACTIVE_COMPILATION_CONDITIONS = DEBUG;
				SWIFT_OPTIMIZATION_LEVEL = "-Onone";
				TARGETED_DEVICE_FAMILY = "1,2";
			};
			name = Debug;
		};
		BDB0AE2E1D13E567007F52B8 /* Release */ = {
			isa = XCBuildConfiguration;
			buildSettings = {
				ALWAYS_SEARCH_USER_PATHS = NO;
				CLANG_ANALYZER_NONNULL = YES;
				CLANG_CXX_LANGUAGE_STANDARD = "gnu++0x";
				CLANG_CXX_LIBRARY = "libc++";
				CLANG_ENABLE_MODULES = YES;
				CLANG_ENABLE_OBJC_ARC = YES;
				CLANG_WARN_BOOL_CONVERSION = YES;
				CLANG_WARN_CONSTANT_CONVERSION = YES;
				CLANG_WARN_DIRECT_OBJC_ISA_USAGE = YES_ERROR;
				CLANG_WARN_DOCUMENTATION_COMMENTS = YES;
				CLANG_WARN_EMPTY_BODY = YES;
				CLANG_WARN_ENUM_CONVERSION = YES;
				CLANG_WARN_INT_CONVERSION = YES;
				CLANG_WARN_OBJC_ROOT_CLASS = YES_ERROR;
				CLANG_WARN_UNREACHABLE_CODE = YES;
				CLANG_WARN__DUPLICATE_METHOD_MATCH = YES;
				"CODE_SIGN_IDENTITY[sdk=iphoneos*]" = "iPhone Developer";
				COPY_PHASE_STRIP = NO;
				DEBUG_INFORMATION_FORMAT = "dwarf-with-dsym";
				ENABLE_NS_ASSERTIONS = NO;
				ENABLE_STRICT_OBJC_MSGSEND = YES;
				GCC_C_LANGUAGE_STANDARD = gnu99;
				GCC_NO_COMMON_BLOCKS = YES;
				GCC_WARN_64_TO_32_BIT_CONVERSION = YES;
				GCC_WARN_ABOUT_RETURN_TYPE = YES_ERROR;
				GCC_WARN_UNDECLARED_SELECTOR = YES;
				GCC_WARN_UNINITIALIZED_AUTOS = YES_AGGRESSIVE;
				GCC_WARN_UNUSED_FUNCTION = YES;
				GCC_WARN_UNUSED_VARIABLE = YES;
				IPHONEOS_DEPLOYMENT_TARGET = 10.0;
				MTL_ENABLE_DEBUG_INFO = NO;
				SDKROOT = iphoneos;
				SWIFT_OPTIMIZATION_LEVEL = "-Owholemodule";
				TARGETED_DEVICE_FAMILY = "1,2";
				VALIDATE_PRODUCT = YES;
			};
			name = Release;
		};
		BDB0AE301D13E567007F52B8 /* Debug */ = {
			isa = XCBuildConfiguration;
			buildSettings = {
				ASSETCATALOG_COMPILER_APPICON_NAME = AppIcon;
				INFOPLIST_FILE = NewHTK/Info.plist;
				LD_RUNPATH_SEARCH_PATHS = "$(inherited) @executable_path/Frameworks";
				PRODUCT_BUNDLE_IDENTIFIER = InnoCellence.NewHTK;
				PRODUCT_NAME = "$(TARGET_NAME)";
				SWIFT_VERSION = 3.0;
			};
			name = Debug;
		};
		BDB0AE311D13E567007F52B8 /* Release */ = {
			isa = XCBuildConfiguration;
			buildSettings = {
				ASSETCATALOG_COMPILER_APPICON_NAME = AppIcon;
				INFOPLIST_FILE = NewHTK/Info.plist;
				LD_RUNPATH_SEARCH_PATHS = "$(inherited) @executable_path/Frameworks";
				PRODUCT_BUNDLE_IDENTIFIER = InnoCellence.NewHTK;
				PRODUCT_NAME = "$(TARGET_NAME)";
				SWIFT_VERSION = 3.0;
			};
			name = Release;
		};
		BDB0AE331D13E567007F52B8 /* Debug */ = {
			isa = XCBuildConfiguration;
			buildSettings = {
				BUNDLE_LOADER = "$(TEST_HOST)";
				INFOPLIST_FILE = NewHTKTests/Info.plist;
				LD_RUNPATH_SEARCH_PATHS = "$(inherited) @executable_path/Frameworks @loader_path/Frameworks";
				PRODUCT_BUNDLE_IDENTIFIER = InnoCellence.NewHTKTests;
				PRODUCT_NAME = "$(TARGET_NAME)";
				SWIFT_VERSION = 3.0;
				TEST_HOST = "$(BUILT_PRODUCTS_DIR)/NewHTK.app/NewHTK";
			};
			name = Debug;
		};
		BDB0AE341D13E567007F52B8 /* Release */ = {
			isa = XCBuildConfiguration;
			buildSettings = {
				BUNDLE_LOADER = "$(TEST_HOST)";
				INFOPLIST_FILE = NewHTKTests/Info.plist;
				LD_RUNPATH_SEARCH_PATHS = "$(inherited) @executable_path/Frameworks @loader_path/Frameworks";
				PRODUCT_BUNDLE_IDENTIFIER = InnoCellence.NewHTKTests;
				PRODUCT_NAME = "$(TARGET_NAME)";
				SWIFT_VERSION = 3.0;
				TEST_HOST = "$(BUILT_PRODUCTS_DIR)/NewHTK.app/NewHTK";
			};
			name = Release;
		};
		BDB0AE361D13E567007F52B8 /* Debug */ = {
			isa = XCBuildConfiguration;
			buildSettings = {
				INFOPLIST_FILE = NewHTKUITests/Info.plist;
				LD_RUNPATH_SEARCH_PATHS = "$(inherited) @executable_path/Frameworks @loader_path/Frameworks";
				PRODUCT_BUNDLE_IDENTIFIER = InnoCellence.NewHTKUITests;
				PRODUCT_NAME = "$(TARGET_NAME)";
				SWIFT_VERSION = 3.0;
				TEST_TARGET_NAME = NewHTK;
			};
			name = Debug;
		};
		BDB0AE371D13E567007F52B8 /* Release */ = {
			isa = XCBuildConfiguration;
			buildSettings = {
				INFOPLIST_FILE = NewHTKUITests/Info.plist;
				LD_RUNPATH_SEARCH_PATHS = "$(inherited) @executable_path/Frameworks @loader_path/Frameworks";
				PRODUCT_BUNDLE_IDENTIFIER = InnoCellence.NewHTKUITests;
				PRODUCT_NAME = "$(TARGET_NAME)";
				SWIFT_VERSION = 3.0;
				TEST_TARGET_NAME = NewHTK;
			};
			name = Release;
		};
/* End XCBuildConfiguration section */

/* Begin XCConfigurationList section */
		BDB0AE021D13E567007F52B8 /* Build configuration list for PBXProject "NewHTK" */ = {
			isa = XCConfigurationList;
			buildConfigurations = (
				BDB0AE2D1D13E567007F52B8 /* Debug */,
				BDB0AE2E1D13E567007F52B8 /* Release */,
			);
			defaultConfigurationIsVisible = 0;
			defaultConfigurationName = Release;
		};
		BDB0AE2F1D13E567007F52B8 /* Build configuration list for PBXNativeTarget "NewHTK" */ = {
			isa = XCConfigurationList;
			buildConfigurations = (
				BDB0AE301D13E567007F52B8 /* Debug */,
				BDB0AE311D13E567007F52B8 /* Release */,
			);
			defaultConfigurationIsVisible = 0;
		};
		BDB0AE321D13E567007F52B8 /* Build configuration list for PBXNativeTarget "NewHTKTests" */ = {
			isa = XCConfigurationList;
			buildConfigurations = (
				BDB0AE331D13E567007F52B8 /* Debug */,
				BDB0AE341D13E567007F52B8 /* Release */,
			);
			defaultConfigurationIsVisible = 0;
		};
		BDB0AE351D13E567007F52B8 /* Build configuration list for PBXNativeTarget "NewHTKUITests" */ = {
			isa = XCConfigurationList;
			buildConfigurations = (
				BDB0AE361D13E567007F52B8 /* Debug */,
				BDB0AE371D13E567007F52B8 /* Release */,
			);
			defaultConfigurationIsVisible = 0;
		};
/* End XCConfigurationList section */
	};
	rootObject = BDB0ADFF1D13E567007F52B8 /* Project object */;
}
