// !$*UTF8*$!
{
	archiveVersion = 1;
	classes = {
	};
	objectVersion = 46;
	objects = {

/* Begin PBXBuildFile section */
		A11C02981CEB4EF600797AC9 /* WeatherEntity+CoreDataProperties.m in Sources */ = {isa = PBXBuildFile; fileRef = A11C02951CEB4EF600797AC9 /* WeatherEntity+CoreDataProperties.m */; };
		A11C02991CEB4EF600797AC9 /* WeatherEntity.m in Sources */ = {isa = PBXBuildFile; fileRef = A11C02971CEB4EF600797AC9 /* WeatherEntity.m */; };
		A13ABAC51CE9F79000F8D01B /* AppDelegate.swift in Sources */ = {isa = PBXBuildFile; fileRef = A13ABAC41CE9F79000F8D01B /* AppDelegate.swift */; };
		A13ABACA1CE9F79000F8D01B /* Main.storyboard in Resources */ = {isa = PBXBuildFile; fileRef = A13ABAC81CE9F79000F8D01B /* Main.storyboard */; };
		A13ABACC1CE9F79000F8D01B /* Assets.xcassets in Resources */ = {isa = PBXBuildFile; fileRef = A13ABACB1CE9F79000F8D01B /* Assets.xcassets */; };
		A13ABACF1CE9F79000F8D01B /* LaunchScreen.storyboard in Resources */ = {isa = PBXBuildFile; fileRef = A13ABACD1CE9F79000F8D01B /* LaunchScreen.storyboard */; };
		A13ABADA1CE9F79100F8D01B /* HTKTests.swift in Sources */ = {isa = PBXBuildFile; fileRef = A13ABAD91CE9F79100F8D01B /* HTKTests.swift */; };
		A13ABAE51CE9F79100F8D01B /* HTKUITests.swift in Sources */ = {isa = PBXBuildFile; fileRef = A13ABAE41CE9F79100F8D01B /* HTKUITests.swift */; };
		A13ABAFB1CE9F7B300F8D01B /* HomeViewController.swift in Sources */ = {isa = PBXBuildFile; fileRef = A13ABAF61CE9F7B300F8D01B /* HomeViewController.swift */; };
		A13ABAFC1CE9F7B300F8D01B /* MyViewController.swift in Sources */ = {isa = PBXBuildFile; fileRef = A13ABAF81CE9F7B300F8D01B /* MyViewController.swift */; };
		A13ABAFD1CE9F7B300F8D01B /* NoteViewController.swift in Sources */ = {isa = PBXBuildFile; fileRef = A13ABAFA1CE9F7B300F8D01B /* NoteViewController.swift */; };
		A13ABB001CE9F98400F8D01B /* HTKModel.xcdatamodeld in Sources */ = {isa = PBXBuildFile; fileRef = A13ABAFE1CE9F98400F8D01B /* HTKModel.xcdatamodeld */; };
		A13ABB021CE9F9C400F8D01B /* BaseDAO.swift in Sources */ = {isa = PBXBuildFile; fileRef = A13ABB011CE9F9C400F8D01B /* BaseDAO.swift */; };
		A13ABB041CE9FA2600F8D01B /* Common.swift in Sources */ = {isa = PBXBuildFile; fileRef = A13ABB031CE9FA2600F8D01B /* Common.swift */; };
		A13ABB061CE9FA6500F8D01B /* Alamofire.framework in Frameworks */ = {isa = PBXBuildFile; fileRef = A13ABB051CE9FA6500F8D01B /* Alamofire.framework */; };
		A13ABB081CE9FA6D00F8D01B /* Alamofire.framework in Embed Frameworks */ = {isa = PBXBuildFile; fileRef = A13ABB051CE9FA6500F8D01B /* Alamofire.framework */; settings = {ATTRIBUTES = (CodeSignOnCopy, RemoveHeadersOnCopy, ); }; };
		A13ABB0E1CE9FAD600F8D01B /* FolderManager.swift in Sources */ = {isa = PBXBuildFile; fileRef = A13ABB0B1CE9FAD600F8D01B /* FolderManager.swift */; };
		A13ABB351CE9FDC200F8D01B /* MKAnnotationView+WebCache.m in Sources */ = {isa = PBXBuildFile; fileRef = A13ABB151CE9FDC200F8D01B /* MKAnnotationView+WebCache.m */; };
		A13ABB361CE9FDC200F8D01B /* NSData+ImageContentType.m in Sources */ = {isa = PBXBuildFile; fileRef = A13ABB171CE9FDC200F8D01B /* NSData+ImageContentType.m */; };
		A13ABB371CE9FDC200F8D01B /* SDImageCache.m in Sources */ = {isa = PBXBuildFile; fileRef = A13ABB191CE9FDC200F8D01B /* SDImageCache.m */; };
		A13ABB381CE9FDC200F8D01B /* SDWebImageCompat.m in Sources */ = {isa = PBXBuildFile; fileRef = A13ABB1B1CE9FDC200F8D01B /* SDWebImageCompat.m */; };
		A13ABB391CE9FDC200F8D01B /* SDWebImageDecoder.m in Sources */ = {isa = PBXBuildFile; fileRef = A13ABB1D1CE9FDC200F8D01B /* SDWebImageDecoder.m */; };
		A13ABB3A1CE9FDC200F8D01B /* SDWebImageDownloader.m in Sources */ = {isa = PBXBuildFile; fileRef = A13ABB1F1CE9FDC200F8D01B /* SDWebImageDownloader.m */; };
		A13ABB3B1CE9FDC200F8D01B /* SDWebImageDownloaderOperation.m in Sources */ = {isa = PBXBuildFile; fileRef = A13ABB211CE9FDC200F8D01B /* SDWebImageDownloaderOperation.m */; };
		A13ABB3C1CE9FDC200F8D01B /* SDWebImageManager.m in Sources */ = {isa = PBXBuildFile; fileRef = A13ABB231CE9FDC200F8D01B /* SDWebImageManager.m */; };
		A13ABB3D1CE9FDC200F8D01B /* SDWebImagePrefetcher.m in Sources */ = {isa = PBXBuildFile; fileRef = A13ABB261CE9FDC200F8D01B /* SDWebImagePrefetcher.m */; };
		A13ABB3E1CE9FDC200F8D01B /* UIButton+WebCache.m in Sources */ = {isa = PBXBuildFile; fileRef = A13ABB281CE9FDC200F8D01B /* UIButton+WebCache.m */; };
		A13ABB3F1CE9FDC200F8D01B /* UIImage+GIF.m in Sources */ = {isa = PBXBuildFile; fileRef = A13ABB2A1CE9FDC200F8D01B /* UIImage+GIF.m */; };
		A13ABB401CE9FDC200F8D01B /* UIImage+MultiFormat.m in Sources */ = {isa = PBXBuildFile; fileRef = A13ABB2C1CE9FDC200F8D01B /* UIImage+MultiFormat.m */; };
		A13ABB411CE9FDC200F8D01B /* UIImage+WebP.m in Sources */ = {isa = PBXBuildFile; fileRef = A13ABB2E1CE9FDC200F8D01B /* UIImage+WebP.m */; };
		A13ABB421CE9FDC200F8D01B /* UIImageView+HighlightedWebCache.m in Sources */ = {isa = PBXBuildFile; fileRef = A13ABB301CE9FDC200F8D01B /* UIImageView+HighlightedWebCache.m */; };
		A13ABB431CE9FDC200F8D01B /* UIImageView+WebCache.m in Sources */ = {isa = PBXBuildFile; fileRef = A13ABB321CE9FDC200F8D01B /* UIImageView+WebCache.m */; };
		A13ABB441CE9FDC200F8D01B /* UIView+WebCacheOperation.m in Sources */ = {isa = PBXBuildFile; fileRef = A13ABB341CE9FDC200F8D01B /* UIView+WebCacheOperation.m */; };
		A13ABB471CE9FE0500F8D01B /* MBProgressHUD.m in Sources */ = {isa = PBXBuildFile; fileRef = A13ABB461CE9FE0500F8D01B /* MBProgressHUD.m */; };
		BD489FD71CEAA9340010806B /* WeatherView.swift in Sources */ = {isa = PBXBuildFile; fileRef = BD489FD61CEAA9340010806B /* WeatherView.swift */; };
		BD489FD91CEAA9500010806B /* WeatherView.xib in Resources */ = {isa = PBXBuildFile; fileRef = BD489FD81CEAA9500010806B /* WeatherView.xib */; };
		BD489FDC1CEAAC110010806B /* TrafficView.xib in Resources */ = {isa = PBXBuildFile; fileRef = BD489FDB1CEAAC110010806B /* TrafficView.xib */; };
		BD489FDE1CEAAC1F0010806B /* TrafficView.swift in Sources */ = {isa = PBXBuildFile; fileRef = BD489FDD1CEAAC1F0010806B /* TrafficView.swift */; };
/* End PBXBuildFile section */

/* Begin PBXContainerItemProxy section */
		A13ABAD61CE9F79100F8D01B /* PBXContainerItemProxy */ = {
			isa = PBXContainerItemProxy;
			containerPortal = A13ABAB91CE9F79000F8D01B /* Project object */;
			proxyType = 1;
			remoteGlobalIDString = A13ABAC01CE9F79000F8D01B;
			remoteInfo = HTK;
		};
		A13ABAE11CE9F79100F8D01B /* PBXContainerItemProxy */ = {
			isa = PBXContainerItemProxy;
			containerPortal = A13ABAB91CE9F79000F8D01B /* Project object */;
			proxyType = 1;
			remoteGlobalIDString = A13ABAC01CE9F79000F8D01B;
			remoteInfo = HTK;
		};
/* End PBXContainerItemProxy section */

/* Begin PBXCopyFilesBuildPhase section */
		A13ABB091CE9FA6D00F8D01B /* Embed Frameworks */ = {
			isa = PBXCopyFilesBuildPhase;
			buildActionMask = 2147483647;
			dstPath = "";
			dstSubfolderSpec = 10;
			files = (
				A13ABB081CE9FA6D00F8D01B /* Alamofire.framework in Embed Frameworks */,
			);
			name = "Embed Frameworks";
			runOnlyForDeploymentPostprocessing = 0;
		};
/* End PBXCopyFilesBuildPhase section */

/* Begin PBXFileReference section */
		A11C02941CEB4EF600797AC9 /* WeatherEntity+CoreDataProperties.h */ = {isa = PBXFileReference; fileEncoding = 4; lastKnownFileType = sourcecode.c.h; path = "WeatherEntity+CoreDataProperties.h"; sourceTree = "<group>"; };
		A11C02951CEB4EF600797AC9 /* WeatherEntity+CoreDataProperties.m */ = {isa = PBXFileReference; fileEncoding = 4; lastKnownFileType = sourcecode.c.objc; path = "WeatherEntity+CoreDataProperties.m"; sourceTree = "<group>"; };
		A11C02961CEB4EF600797AC9 /* WeatherEntity.h */ = {isa = PBXFileReference; fileEncoding = 4; lastKnownFileType = sourcecode.c.h; path = WeatherEntity.h; sourceTree = "<group>"; };
		A11C02971CEB4EF600797AC9 /* WeatherEntity.m */ = {isa = PBXFileReference; fileEncoding = 4; lastKnownFileType = sourcecode.c.objc; path = WeatherEntity.m; sourceTree = "<group>"; };
		A13ABAC11CE9F79000F8D01B /* HTK.app */ = {isa = PBXFileReference; explicitFileType = wrapper.application; includeInIndex = 0; path = HTK.app; sourceTree = BUILT_PRODUCTS_DIR; };
		A13ABAC41CE9F79000F8D01B /* AppDelegate.swift */ = {isa = PBXFileReference; lastKnownFileType = sourcecode.swift; path = AppDelegate.swift; sourceTree = "<group>"; };
		A13ABAC91CE9F79000F8D01B /* Base */ = {isa = PBXFileReference; lastKnownFileType = file.storyboard; name = Base; path = Base.lproj/Main.storyboard; sourceTree = "<group>"; };
		A13ABACB1CE9F79000F8D01B /* Assets.xcassets */ = {isa = PBXFileReference; lastKnownFileType = folder.assetcatalog; path = Assets.xcassets; sourceTree = "<group>"; };
		A13ABACE1CE9F79000F8D01B /* Base */ = {isa = PBXFileReference; lastKnownFileType = file.storyboard; name = Base; path = Base.lproj/LaunchScreen.storyboard; sourceTree = "<group>"; };
		A13ABAD01CE9F79000F8D01B /* Info.plist */ = {isa = PBXFileReference; lastKnownFileType = text.plist.xml; path = Info.plist; sourceTree = "<group>"; };
		A13ABAD51CE9F79100F8D01B /* HTKTests.xctest */ = {isa = PBXFileReference; explicitFileType = wrapper.cfbundle; includeInIndex = 0; path = HTKTests.xctest; sourceTree = BUILT_PRODUCTS_DIR; };
		A13ABAD91CE9F79100F8D01B /* HTKTests.swift */ = {isa = PBXFileReference; lastKnownFileType = sourcecode.swift; path = HTKTests.swift; sourceTree = "<group>"; };
		A13ABADB1CE9F79100F8D01B /* Info.plist */ = {isa = PBXFileReference; lastKnownFileType = text.plist.xml; path = Info.plist; sourceTree = "<group>"; };
		A13ABAE01CE9F79100F8D01B /* HTKUITests.xctest */ = {isa = PBXFileReference; explicitFileType = wrapper.cfbundle; includeInIndex = 0; path = HTKUITests.xctest; sourceTree = BUILT_PRODUCTS_DIR; };
		A13ABAE41CE9F79100F8D01B /* HTKUITests.swift */ = {isa = PBXFileReference; lastKnownFileType = sourcecode.swift; path = HTKUITests.swift; sourceTree = "<group>"; };
		A13ABAE61CE9F79100F8D01B /* Info.plist */ = {isa = PBXFileReference; lastKnownFileType = text.plist.xml; path = Info.plist; sourceTree = "<group>"; };
		A13ABAF61CE9F7B300F8D01B /* HomeViewController.swift */ = {isa = PBXFileReference; fileEncoding = 4; lastKnownFileType = sourcecode.swift; path = HomeViewController.swift; sourceTree = "<group>"; };
		A13ABAF81CE9F7B300F8D01B /* MyViewController.swift */ = {isa = PBXFileReference; fileEncoding = 4; lastKnownFileType = sourcecode.swift; path = MyViewController.swift; sourceTree = "<group>"; };
		A13ABAFA1CE9F7B300F8D01B /* NoteViewController.swift */ = {isa = PBXFileReference; fileEncoding = 4; lastKnownFileType = sourcecode.swift; path = NoteViewController.swift; sourceTree = "<group>"; };
		A13ABAFF1CE9F98400F8D01B /* HTKModel.xcdatamodel */ = {isa = PBXFileReference; lastKnownFileType = wrapper.xcdatamodel; path = HTKModel.xcdatamodel; sourceTree = "<group>"; };
		A13ABB011CE9F9C400F8D01B /* BaseDAO.swift */ = {isa = PBXFileReference; fileEncoding = 4; lastKnownFileType = sourcecode.swift; path = BaseDAO.swift; sourceTree = "<group>"; };
		A13ABB031CE9FA2600F8D01B /* Common.swift */ = {isa = PBXFileReference; fileEncoding = 4; lastKnownFileType = sourcecode.swift; path = Common.swift; sourceTree = "<group>"; };
		A13ABB051CE9FA6500F8D01B /* Alamofire.framework */ = {isa = PBXFileReference; lastKnownFileType = wrapper.framework; name = Alamofire.framework; path = ../Common/Alamofire.framework; sourceTree = "<group>"; };
		A13ABB0B1CE9FAD600F8D01B /* FolderManager.swift */ = {isa = PBXFileReference; fileEncoding = 4; lastKnownFileType = sourcecode.swift; name = FolderManager.swift; path = ../NetWorkManager/FolderManager.swift; sourceTree = "<group>"; };
		A13ABB141CE9FDC200F8D01B /* MKAnnotationView+WebCache.h */ = {isa = PBXFileReference; fileEncoding = 4; lastKnownFileType = sourcecode.c.h; path = "MKAnnotationView+WebCache.h"; sourceTree = "<group>"; };
		A13ABB151CE9FDC200F8D01B /* MKAnnotationView+WebCache.m */ = {isa = PBXFileReference; fileEncoding = 4; lastKnownFileType = sourcecode.c.objc; path = "MKAnnotationView+WebCache.m"; sourceTree = "<group>"; };
		A13ABB161CE9FDC200F8D01B /* NSData+ImageContentType.h */ = {isa = PBXFileReference; fileEncoding = 4; lastKnownFileType = sourcecode.c.h; path = "NSData+ImageContentType.h"; sourceTree = "<group>"; };
		A13ABB171CE9FDC200F8D01B /* NSData+ImageContentType.m */ = {isa = PBXFileReference; fileEncoding = 4; lastKnownFileType = sourcecode.c.objc; path = "NSData+ImageContentType.m"; sourceTree = "<group>"; };
		A13ABB181CE9FDC200F8D01B /* SDImageCache.h */ = {isa = PBXFileReference; fileEncoding = 4; lastKnownFileType = sourcecode.c.h; path = SDImageCache.h; sourceTree = "<group>"; };
		A13ABB191CE9FDC200F8D01B /* SDImageCache.m */ = {isa = PBXFileReference; fileEncoding = 4; lastKnownFileType = sourcecode.c.objc; path = SDImageCache.m; sourceTree = "<group>"; };
		A13ABB1A1CE9FDC200F8D01B /* SDWebImageCompat.h */ = {isa = PBXFileReference; fileEncoding = 4; lastKnownFileType = sourcecode.c.h; path = SDWebImageCompat.h; sourceTree = "<group>"; };
		A13ABB1B1CE9FDC200F8D01B /* SDWebImageCompat.m */ = {isa = PBXFileReference; fileEncoding = 4; lastKnownFileType = sourcecode.c.objc; path = SDWebImageCompat.m; sourceTree = "<group>"; };
		A13ABB1C1CE9FDC200F8D01B /* SDWebImageDecoder.h */ = {isa = PBXFileReference; fileEncoding = 4; lastKnownFileType = sourcecode.c.h; path = SDWebImageDecoder.h; sourceTree = "<group>"; };
		A13ABB1D1CE9FDC200F8D01B /* SDWebImageDecoder.m */ = {isa = PBXFileReference; fileEncoding = 4; lastKnownFileType = sourcecode.c.objc; path = SDWebImageDecoder.m; sourceTree = "<group>"; };
		A13ABB1E1CE9FDC200F8D01B /* SDWebImageDownloader.h */ = {isa = PBXFileReference; fileEncoding = 4; lastKnownFileType = sourcecode.c.h; path = SDWebImageDownloader.h; sourceTree = "<group>"; };
		A13ABB1F1CE9FDC200F8D01B /* SDWebImageDownloader.m */ = {isa = PBXFileReference; fileEncoding = 4; lastKnownFileType = sourcecode.c.objc; path = SDWebImageDownloader.m; sourceTree = "<group>"; };
		A13ABB201CE9FDC200F8D01B /* SDWebImageDownloaderOperation.h */ = {isa = PBXFileReference; fileEncoding = 4; lastKnownFileType = sourcecode.c.h; path = SDWebImageDownloaderOperation.h; sourceTree = "<group>"; };
		A13ABB211CE9FDC200F8D01B /* SDWebImageDownloaderOperation.m */ = {isa = PBXFileReference; fileEncoding = 4; lastKnownFileType = sourcecode.c.objc; path = SDWebImageDownloaderOperation.m; sourceTree = "<group>"; };
		A13ABB221CE9FDC200F8D01B /* SDWebImageManager.h */ = {isa = PBXFileReference; fileEncoding = 4; lastKnownFileType = sourcecode.c.h; path = SDWebImageManager.h; sourceTree = "<group>"; };
		A13ABB231CE9FDC200F8D01B /* SDWebImageManager.m */ = {isa = PBXFileReference; fileEncoding = 4; lastKnownFileType = sourcecode.c.objc; path = SDWebImageManager.m; sourceTree = "<group>"; };
		A13ABB241CE9FDC200F8D01B /* SDWebImageOperation.h */ = {isa = PBXFileReference; fileEncoding = 4; lastKnownFileType = sourcecode.c.h; path = SDWebImageOperation.h; sourceTree = "<group>"; };
		A13ABB251CE9FDC200F8D01B /* SDWebImagePrefetcher.h */ = {isa = PBXFileReference; fileEncoding = 4; lastKnownFileType = sourcecode.c.h; path = SDWebImagePrefetcher.h; sourceTree = "<group>"; };
		A13ABB261CE9FDC200F8D01B /* SDWebImagePrefetcher.m */ = {isa = PBXFileReference; fileEncoding = 4; lastKnownFileType = sourcecode.c.objc; path = SDWebImagePrefetcher.m; sourceTree = "<group>"; };
		A13ABB271CE9FDC200F8D01B /* UIButton+WebCache.h */ = {isa = PBXFileReference; fileEncoding = 4; lastKnownFileType = sourcecode.c.h; path = "UIButton+WebCache.h"; sourceTree = "<group>"; };
		A13ABB281CE9FDC200F8D01B /* UIButton+WebCache.m */ = {isa = PBXFileReference; fileEncoding = 4; lastKnownFileType = sourcecode.c.objc; path = "UIButton+WebCache.m"; sourceTree = "<group>"; };
		A13ABB291CE9FDC200F8D01B /* UIImage+GIF.h */ = {isa = PBXFileReference; fileEncoding = 4; lastKnownFileType = sourcecode.c.h; path = "UIImage+GIF.h"; sourceTree = "<group>"; };
		A13ABB2A1CE9FDC200F8D01B /* UIImage+GIF.m */ = {isa = PBXFileReference; fileEncoding = 4; lastKnownFileType = sourcecode.c.objc; path = "UIImage+GIF.m"; sourceTree = "<group>"; };
		A13ABB2B1CE9FDC200F8D01B /* UIImage+MultiFormat.h */ = {isa = PBXFileReference; fileEncoding = 4; lastKnownFileType = sourcecode.c.h; path = "UIImage+MultiFormat.h"; sourceTree = "<group>"; };
		A13ABB2C1CE9FDC200F8D01B /* UIImage+MultiFormat.m */ = {isa = PBXFileReference; fileEncoding = 4; lastKnownFileType = sourcecode.c.objc; path = "UIImage+MultiFormat.m"; sourceTree = "<group>"; };
		A13ABB2D1CE9FDC200F8D01B /* UIImage+WebP.h */ = {isa = PBXFileReference; fileEncoding = 4; lastKnownFileType = sourcecode.c.h; path = "UIImage+WebP.h"; sourceTree = "<group>"; };
		A13ABB2E1CE9FDC200F8D01B /* UIImage+WebP.m */ = {isa = PBXFileReference; fileEncoding = 4; lastKnownFileType = sourcecode.c.objc; path = "UIImage+WebP.m"; sourceTree = "<group>"; };
		A13ABB2F1CE9FDC200F8D01B /* UIImageView+HighlightedWebCache.h */ = {isa = PBXFileReference; fileEncoding = 4; lastKnownFileType = sourcecode.c.h; path = "UIImageView+HighlightedWebCache.h"; sourceTree = "<group>"; };
		A13ABB301CE9FDC200F8D01B /* UIImageView+HighlightedWebCache.m */ = {isa = PBXFileReference; fileEncoding = 4; lastKnownFileType = sourcecode.c.objc; path = "UIImageView+HighlightedWebCache.m"; sourceTree = "<group>"; };
		A13ABB311CE9FDC200F8D01B /* UIImageView+WebCache.h */ = {isa = PBXFileReference; fileEncoding = 4; lastKnownFileType = sourcecode.c.h; path = "UIImageView+WebCache.h"; sourceTree = "<group>"; };
		A13ABB321CE9FDC200F8D01B /* UIImageView+WebCache.m */ = {isa = PBXFileReference; fileEncoding = 4; lastKnownFileType = sourcecode.c.objc; path = "UIImageView+WebCache.m"; sourceTree = "<group>"; };
		A13ABB331CE9FDC200F8D01B /* UIView+WebCacheOperation.h */ = {isa = PBXFileReference; fileEncoding = 4; lastKnownFileType = sourcecode.c.h; path = "UIView+WebCacheOperation.h"; sourceTree = "<group>"; };
		A13ABB341CE9FDC200F8D01B /* UIView+WebCacheOperation.m */ = {isa = PBXFileReference; fileEncoding = 4; lastKnownFileType = sourcecode.c.objc; path = "UIView+WebCacheOperation.m"; sourceTree = "<group>"; };
		A13ABB451CE9FE0500F8D01B /* MBProgressHUD.h */ = {isa = PBXFileReference; fileEncoding = 4; lastKnownFileType = sourcecode.c.h; name = MBProgressHUD.h; path = "HTK/ Resources/MBProgressHUD.h"; sourceTree = SOURCE_ROOT; };
		A13ABB461CE9FE0500F8D01B /* MBProgressHUD.m */ = {isa = PBXFileReference; fileEncoding = 4; lastKnownFileType = sourcecode.c.objc; name = MBProgressHUD.m; path = "HTK/ Resources/MBProgressHUD.m"; sourceTree = SOURCE_ROOT; };
		A13ABB491CE9FE5500F8D01B /* Bridging-Header.h */ = {isa = PBXFileReference; lastKnownFileType = sourcecode.c.h; path = "Bridging-Header.h"; sourceTree = "<group>"; };
		BD489FD61CEAA9340010806B /* WeatherView.swift */ = {isa = PBXFileReference; fileEncoding = 4; lastKnownFileType = sourcecode.swift; path = WeatherView.swift; sourceTree = "<group>"; };
		BD489FD81CEAA9500010806B /* WeatherView.xib */ = {isa = PBXFileReference; fileEncoding = 4; lastKnownFileType = file.xib; path = WeatherView.xib; sourceTree = "<group>"; };
		BD489FDB1CEAAC110010806B /* TrafficView.xib */ = {isa = PBXFileReference; fileEncoding = 4; lastKnownFileType = file.xib; path = TrafficView.xib; sourceTree = "<group>"; };
		BD489FDD1CEAAC1F0010806B /* TrafficView.swift */ = {isa = PBXFileReference; fileEncoding = 4; lastKnownFileType = sourcecode.swift; path = TrafficView.swift; sourceTree = "<group>"; };
/* End PBXFileReference section */

/* Begin PBXFrameworksBuildPhase section */
		A13ABABE1CE9F79000F8D01B /* Frameworks */ = {
			isa = PBXFrameworksBuildPhase;
			buildActionMask = 2147483647;
			files = (
				A13ABB061CE9FA6500F8D01B /* Alamofire.framework in Frameworks */,
			);
			runOnlyForDeploymentPostprocessing = 0;
		};
		A13ABAD21CE9F79100F8D01B /* Frameworks */ = {
			isa = PBXFrameworksBuildPhase;
			buildActionMask = 2147483647;
			files = (
			);
			runOnlyForDeploymentPostprocessing = 0;
		};
		A13ABADD1CE9F79100F8D01B /* Frameworks */ = {
			isa = PBXFrameworksBuildPhase;
			buildActionMask = 2147483647;
			files = (
			);
			runOnlyForDeploymentPostprocessing = 0;
		};
/* End PBXFrameworksBuildPhase section */

/* Begin PBXGroup section */
		A13ABAB81CE9F79000F8D01B = {
			isa = PBXGroup;
			children = (
				A13ABAC31CE9F79000F8D01B /* HTK */,
				A13ABAD81CE9F79100F8D01B /* HTKTests */,
				A13ABAE31CE9F79100F8D01B /* HTKUITests */,
				A13ABAC21CE9F79000F8D01B /* Products */,
			);
			sourceTree = "<group>";
		};
		A13ABAC21CE9F79000F8D01B /* Products */ = {
			isa = PBXGroup;
			children = (
				A13ABAC11CE9F79000F8D01B /* HTK.app */,
				A13ABAD51CE9F79100F8D01B /* HTKTests.xctest */,
				A13ABAE01CE9F79100F8D01B /* HTKUITests.xctest */,
			);
			name = Products;
			sourceTree = "<group>";
		};
		A13ABAC31CE9F79000F8D01B /* HTK */ = {
			isa = PBXGroup;
			children = (
				A13ABAC41CE9F79000F8D01B /* AppDelegate.swift */,
				A13ABAF21CE9F7B300F8D01B /*  Resources */,
				A13ABAF31CE9F7B300F8D01B /* Common */,
				A13ABAF41CE9F7B300F8D01B /* CoreData */,
				A13ABAF51CE9F7B300F8D01B /* HomeViewController */,
				A13ABAF71CE9F7B300F8D01B /* MYViewController */,
				A13ABAF91CE9F7B300F8D01B /* NoteViewController */,
				A13ABB0A1CE9FA9400F8D01B /* NetWorkManager */,
				A13ABAC81CE9F79000F8D01B /* Main.storyboard */,
				A13ABACB1CE9F79000F8D01B /* Assets.xcassets */,
				A13ABACD1CE9F79000F8D01B /* LaunchScreen.storyboard */,
				A13ABAD01CE9F79000F8D01B /* Info.plist */,
			);
			path = HTK;
			sourceTree = "<group>";
		};
		A13ABAD81CE9F79100F8D01B /* HTKTests */ = {
			isa = PBXGroup;
			children = (
				A13ABAD91CE9F79100F8D01B /* HTKTests.swift */,
				A13ABADB1CE9F79100F8D01B /* Info.plist */,
			);
			path = HTKTests;
			sourceTree = "<group>";
		};
		A13ABAE31CE9F79100F8D01B /* HTKUITests */ = {
			isa = PBXGroup;
			children = (
				A13ABAE41CE9F79100F8D01B /* HTKUITests.swift */,
				A13ABAE61CE9F79100F8D01B /* Info.plist */,
			);
			path = HTKUITests;
			sourceTree = "<group>";
		};
		A13ABAF21CE9F7B300F8D01B /*  Resources */ = {
			isa = PBXGroup;
			children = (
				A13ABB491CE9FE5500F8D01B /* Bridging-Header.h */,
				A13ABB4A1CE9FEFA00F8D01B /* MBProgressHUD */,
				A13ABB131CE9FDC200F8D01B /* SDWebImage */,
				A13ABB051CE9FA6500F8D01B /* Alamofire.framework */,
			);
			path = " Resources";
			sourceTree = "<group>";
		};
		A13ABAF31CE9F7B300F8D01B /* Common */ = {
			isa = PBXGroup;
			children = (
				A13ABB0B1CE9FAD600F8D01B /* FolderManager.swift */,
				A13ABB031CE9FA2600F8D01B /* Common.swift */,
			);
			path = Common;
			sourceTree = "<group>";
		};
		A13ABAF41CE9F7B300F8D01B /* CoreData */ = {
			isa = PBXGroup;
			children = (
				A13ABB011CE9F9C400F8D01B /* BaseDAO.swift */,
				A13ABAFE1CE9F98400F8D01B /* HTKModel.xcdatamodeld */,
				A11C02941CEB4EF600797AC9 /* WeatherEntity+CoreDataProperties.h */,
				A11C02951CEB4EF600797AC9 /* WeatherEntity+CoreDataProperties.m */,
				A11C02961CEB4EF600797AC9 /* WeatherEntity.h */,
				A11C02971CEB4EF600797AC9 /* WeatherEntity.m */,
			);
			path = CoreData;
			sourceTree = "<group>";
		};
		A13ABAF51CE9F7B300F8D01B /* HomeViewController */ = {
			isa = PBXGroup;
			children = (
				A13ABAF61CE9F7B300F8D01B /* HomeViewController.swift */,
				BD489FDA1CEAAC060010806B /* TrafficView */,
				BD489FD51CEAA9180010806B /* WeatherView */,
			);
			path = HomeViewController;
			sourceTree = "<group>";
		};
		A13ABAF71CE9F7B300F8D01B /* MYViewController */ = {
			isa = PBXGroup;
			children = (
				A13ABAF81CE9F7B300F8D01B /* MyViewController.swift */,
			);
			path = MYViewController;
			sourceTree = "<group>";
		};
		A13ABAF91CE9F7B300F8D01B /* NoteViewController */ = {
			isa = PBXGroup;
			children = (
				A13ABAFA1CE9F7B300F8D01B /* NoteViewController.swift */,
			);
			path = NoteViewController;
			sourceTree = "<group>";
		};
		A13ABB0A1CE9FA9400F8D01B /* NetWorkManager */ = {
			isa = PBXGroup;
			children = (
			);
			path = NetWorkManager;
			sourceTree = "<group>";
		};
		A13ABB131CE9FDC200F8D01B /* SDWebImage */ = {
			isa = PBXGroup;
			children = (
				A13ABB141CE9FDC200F8D01B /* MKAnnotationView+WebCache.h */,
				A13ABB151CE9FDC200F8D01B /* MKAnnotationView+WebCache.m */,
				A13ABB161CE9FDC200F8D01B /* NSData+ImageContentType.h */,
				A13ABB171CE9FDC200F8D01B /* NSData+ImageContentType.m */,
				A13ABB181CE9FDC200F8D01B /* SDImageCache.h */,
				A13ABB191CE9FDC200F8D01B /* SDImageCache.m */,
				A13ABB1A1CE9FDC200F8D01B /* SDWebImageCompat.h */,
				A13ABB1B1CE9FDC200F8D01B /* SDWebImageCompat.m */,
				A13ABB1C1CE9FDC200F8D01B /* SDWebImageDecoder.h */,
				A13ABB1D1CE9FDC200F8D01B /* SDWebImageDecoder.m */,
				A13ABB1E1CE9FDC200F8D01B /* SDWebImageDownloader.h */,
				A13ABB1F1CE9FDC200F8D01B /* SDWebImageDownloader.m */,
				A13ABB201CE9FDC200F8D01B /* SDWebImageDownloaderOperation.h */,
				A13ABB211CE9FDC200F8D01B /* SDWebImageDownloaderOperation.m */,
				A13ABB221CE9FDC200F8D01B /* SDWebImageManager.h */,
				A13ABB231CE9FDC200F8D01B /* SDWebImageManager.m */,
				A13ABB241CE9FDC200F8D01B /* SDWebImageOperation.h */,
				A13ABB251CE9FDC200F8D01B /* SDWebImagePrefetcher.h */,
				A13ABB261CE9FDC200F8D01B /* SDWebImagePrefetcher.m */,
				A13ABB271CE9FDC200F8D01B /* UIButton+WebCache.h */,
				A13ABB281CE9FDC200F8D01B /* UIButton+WebCache.m */,
				A13ABB291CE9FDC200F8D01B /* UIImage+GIF.h */,
				A13ABB2A1CE9FDC200F8D01B /* UIImage+GIF.m */,
				A13ABB2B1CE9FDC200F8D01B /* UIImage+MultiFormat.h */,
				A13ABB2C1CE9FDC200F8D01B /* UIImage+MultiFormat.m */,
				A13ABB2D1CE9FDC200F8D01B /* UIImage+WebP.h */,
				A13ABB2E1CE9FDC200F8D01B /* UIImage+WebP.m */,
				A13ABB2F1CE9FDC200F8D01B /* UIImageView+HighlightedWebCache.h */,
				A13ABB301CE9FDC200F8D01B /* UIImageView+HighlightedWebCache.m */,
				A13ABB311CE9FDC200F8D01B /* UIImageView+WebCache.h */,
				A13ABB321CE9FDC200F8D01B /* UIImageView+WebCache.m */,
				A13ABB331CE9FDC200F8D01B /* UIView+WebCacheOperation.h */,
				A13ABB341CE9FDC200F8D01B /* UIView+WebCacheOperation.m */,
			);
			path = SDWebImage;
			sourceTree = "<group>";
		};
		A13ABB4A1CE9FEFA00F8D01B /* MBProgressHUD */ = {
			isa = PBXGroup;
			children = (
				A13ABB451CE9FE0500F8D01B /* MBProgressHUD.h */,
				A13ABB461CE9FE0500F8D01B /* MBProgressHUD.m */,
			);
			path = MBProgressHUD;
			sourceTree = "<group>";
		};
		BD489FD51CEAA9180010806B /* WeatherView */ = {
			isa = PBXGroup;
			children = (
				BD489FD61CEAA9340010806B /* WeatherView.swift */,
				BD489FD81CEAA9500010806B /* WeatherView.xib */,
			);
			path = WeatherView;
			sourceTree = "<group>";
		};
		BD489FDA1CEAAC060010806B /* TrafficView */ = {
			isa = PBXGroup;
			children = (
				BD489FDB1CEAAC110010806B /* TrafficView.xib */,
				BD489FDD1CEAAC1F0010806B /* TrafficView.swift */,
			);
			path = TrafficView;
			sourceTree = "<group>";
		};
/* End PBXGroup section */

/* Begin PBXNativeTarget section */
		A13ABAC01CE9F79000F8D01B /* HTK */ = {
			isa = PBXNativeTarget;
			buildConfigurationList = A13ABAE91CE9F79100F8D01B /* Build configuration list for PBXNativeTarget "HTK" */;
			buildPhases = (
				A13ABABD1CE9F79000F8D01B /* Sources */,
				A13ABABE1CE9F79000F8D01B /* Frameworks */,
				A13ABABF1CE9F79000F8D01B /* Resources */,
				A13ABB091CE9FA6D00F8D01B /* Embed Frameworks */,
			);
			buildRules = (
			);
			dependencies = (
			);
			name = HTK;
			productName = HTK;
			productReference = A13ABAC11CE9F79000F8D01B /* HTK.app */;
			productType = "com.apple.product-type.application";
		};
		A13ABAD41CE9F79100F8D01B /* HTKTests */ = {
			isa = PBXNativeTarget;
			buildConfigurationList = A13ABAEC1CE9F79100F8D01B /* Build configuration list for PBXNativeTarget "HTKTests" */;
			buildPhases = (
				A13ABAD11CE9F79100F8D01B /* Sources */,
				A13ABAD21CE9F79100F8D01B /* Frameworks */,
				A13ABAD31CE9F79100F8D01B /* Resources */,
			);
			buildRules = (
			);
			dependencies = (
				A13ABAD71CE9F79100F8D01B /* PBXTargetDependency */,
			);
			name = HTKTests;
			productName = HTKTests;
			productReference = A13ABAD51CE9F79100F8D01B /* HTKTests.xctest */;
			productType = "com.apple.product-type.bundle.unit-test";
		};
		A13ABADF1CE9F79100F8D01B /* HTKUITests */ = {
			isa = PBXNativeTarget;
			buildConfigurationList = A13ABAEF1CE9F79100F8D01B /* Build configuration list for PBXNativeTarget "HTKUITests" */;
			buildPhases = (
				A13ABADC1CE9F79100F8D01B /* Sources */,
				A13ABADD1CE9F79100F8D01B /* Frameworks */,
				A13ABADE1CE9F79100F8D01B /* Resources */,
			);
			buildRules = (
			);
			dependencies = (
				A13ABAE21CE9F79100F8D01B /* PBXTargetDependency */,
			);
			name = HTKUITests;
			productName = HTKUITests;
			productReference = A13ABAE01CE9F79100F8D01B /* HTKUITests.xctest */;
			productType = "com.apple.product-type.bundle.ui-testing";
		};
/* End PBXNativeTarget section */

/* Begin PBXProject section */
		A13ABAB91CE9F79000F8D01B /* Project object */ = {
			isa = PBXProject;
			attributes = {
				LastSwiftUpdateCheck = 0730;
				LastUpgradeCheck = 0730;
				ORGANIZATIONNAME = "赵斌";
				TargetAttributes = {
					A13ABAC01CE9F79000F8D01B = {
						CreatedOnToolsVersion = 7.3;
					};
					A13ABAD41CE9F79100F8D01B = {
						CreatedOnToolsVersion = 7.3;
						TestTargetID = A13ABAC01CE9F79000F8D01B;
					};
					A13ABADF1CE9F79100F8D01B = {
						CreatedOnToolsVersion = 7.3;
						TestTargetID = A13ABAC01CE9F79000F8D01B;
					};
				};
			};
			buildConfigurationList = A13ABABC1CE9F79000F8D01B /* Build configuration list for PBXProject "HTK" */;
			compatibilityVersion = "Xcode 3.2";
			developmentRegion = English;
			hasScannedForEncodings = 0;
			knownRegions = (
				en,
				Base,
			);
			mainGroup = A13ABAB81CE9F79000F8D01B;
			productRefGroup = A13ABAC21CE9F79000F8D01B /* Products */;
			projectDirPath = "";
			projectRoot = "";
			targets = (
				A13ABAC01CE9F79000F8D01B /* HTK */,
				A13ABAD41CE9F79100F8D01B /* HTKTests */,
				A13ABADF1CE9F79100F8D01B /* HTKUITests */,
			);
		};
/* End PBXProject section */

/* Begin PBXResourcesBuildPhase section */
		A13ABABF1CE9F79000F8D01B /* Resources */ = {
			isa = PBXResourcesBuildPhase;
			buildActionMask = 2147483647;
			files = (
				A13ABACF1CE9F79000F8D01B /* LaunchScreen.storyboard in Resources */,
				A13ABACC1CE9F79000F8D01B /* Assets.xcassets in Resources */,
				A13ABACA1CE9F79000F8D01B /* Main.storyboard in Resources */,
				BD489FDC1CEAAC110010806B /* TrafficView.xib in Resources */,
				BD489FD91CEAA9500010806B /* WeatherView.xib in Resources */,
			);
			runOnlyForDeploymentPostprocessing = 0;
		};
		A13ABAD31CE9F79100F8D01B /* Resources */ = {
			isa = PBXResourcesBuildPhase;
			buildActionMask = 2147483647;
			files = (
			);
			runOnlyForDeploymentPostprocessing = 0;
		};
		A13ABADE1CE9F79100F8D01B /* Resources */ = {
			isa = PBXResourcesBuildPhase;
			buildActionMask = 2147483647;
			files = (
			);
			runOnlyForDeploymentPostprocessing = 0;
		};
/* End PBXResourcesBuildPhase section */

/* Begin PBXSourcesBuildPhase section */
		A13ABABD1CE9F79000F8D01B /* Sources */ = {
			isa = PBXSourcesBuildPhase;
			buildActionMask = 2147483647;
			files = (
				A13ABB391CE9FDC200F8D01B /* SDWebImageDecoder.m in Sources */,
				A13ABB3C1CE9FDC200F8D01B /* SDWebImageManager.m in Sources */,
				A13ABB361CE9FDC200F8D01B /* NSData+ImageContentType.m in Sources */,
				A13ABB381CE9FDC200F8D01B /* SDWebImageCompat.m in Sources */,
				A13ABB441CE9FDC200F8D01B /* UIView+WebCacheOperation.m in Sources */,
				BD489FD71CEAA9340010806B /* WeatherView.swift in Sources */,
				A13ABB411CE9FDC200F8D01B /* UIImage+WebP.m in Sources */,
				A13ABAC51CE9F79000F8D01B /* AppDelegate.swift in Sources */,
				A13ABB421CE9FDC200F8D01B /* UIImageView+HighlightedWebCache.m in Sources */,
				A13ABAFC1CE9F7B300F8D01B /* MyViewController.swift in Sources */,
				A13ABAFD1CE9F7B300F8D01B /* NoteViewController.swift in Sources */,
				A13ABB3E1CE9FDC200F8D01B /* UIButton+WebCache.m in Sources */,
				A13ABB3D1CE9FDC200F8D01B /* SDWebImagePrefetcher.m in Sources */,
				A13ABB3B1CE9FDC200F8D01B /* SDWebImageDownloaderOperation.m in Sources */,
				A13ABB001CE9F98400F8D01B /* HTKModel.xcdatamodeld in Sources */,
				A11C02991CEB4EF600797AC9 /* WeatherEntity.m in Sources */,
				A13ABAFB1CE9F7B300F8D01B /* HomeViewController.swift in Sources */,
				A13ABB401CE9FDC200F8D01B /* UIImage+MultiFormat.m in Sources */,
				A13ABB0E1CE9FAD600F8D01B /* FolderManager.swift in Sources */,
				A13ABB471CE9FE0500F8D01B /* MBProgressHUD.m in Sources */,
				A13ABB371CE9FDC200F8D01B /* SDImageCache.m in Sources */,
				A13ABB021CE9F9C400F8D01B /* BaseDAO.swift in Sources */,
				A13ABB041CE9FA2600F8D01B /* Common.swift in Sources */,
				BD489FDE1CEAAC1F0010806B /* TrafficView.swift in Sources */,
				A13ABB3F1CE9FDC200F8D01B /* UIImage+GIF.m in Sources */,
				A13ABB3A1CE9FDC200F8D01B /* SDWebImageDownloader.m in Sources */,
				A11C02981CEB4EF600797AC9 /* WeatherEntity+CoreDataProperties.m in Sources */,
				A13ABB431CE9FDC200F8D01B /* UIImageView+WebCache.m in Sources */,
				A13ABB351CE9FDC200F8D01B /* MKAnnotationView+WebCache.m in Sources */,
			);
			runOnlyForDeploymentPostprocessing = 0;
		};
		A13ABAD11CE9F79100F8D01B /* Sources */ = {
			isa = PBXSourcesBuildPhase;
			buildActionMask = 2147483647;
			files = (
				A13ABADA1CE9F79100F8D01B /* HTKTests.swift in Sources */,
			);
			runOnlyForDeploymentPostprocessing = 0;
		};
		A13ABADC1CE9F79100F8D01B /* Sources */ = {
			isa = PBXSourcesBuildPhase;
			buildActionMask = 2147483647;
			files = (
				A13ABAE51CE9F79100F8D01B /* HTKUITests.swift in Sources */,
			);
			runOnlyForDeploymentPostprocessing = 0;
		};
/* End PBXSourcesBuildPhase section */

/* Begin PBXTargetDependency section */
		A13ABAD71CE9F79100F8D01B /* PBXTargetDependency */ = {
			isa = PBXTargetDependency;
			target = A13ABAC01CE9F79000F8D01B /* HTK */;
			targetProxy = A13ABAD61CE9F79100F8D01B /* PBXContainerItemProxy */;
		};
		A13ABAE21CE9F79100F8D01B /* PBXTargetDependency */ = {
			isa = PBXTargetDependency;
			target = A13ABAC01CE9F79000F8D01B /* HTK */;
			targetProxy = A13ABAE11CE9F79100F8D01B /* PBXContainerItemProxy */;
		};
/* End PBXTargetDependency section */

/* Begin PBXVariantGroup section */
		A13ABAC81CE9F79000F8D01B /* Main.storyboard */ = {
			isa = PBXVariantGroup;
			children = (
				A13ABAC91CE9F79000F8D01B /* Base */,
			);
			name = Main.storyboard;
			sourceTree = "<group>";
		};
		A13ABACD1CE9F79000F8D01B /* LaunchScreen.storyboard */ = {
			isa = PBXVariantGroup;
			children = (
				A13ABACE1CE9F79000F8D01B /* Base */,
			);
			name = LaunchScreen.storyboard;
			sourceTree = "<group>";
		};
/* End PBXVariantGroup section */

/* Begin XCBuildConfiguration section */
		A13ABAE71CE9F79100F8D01B /* Debug */ = {
			isa = XCBuildConfiguration;
			buildSettings = {
				ALWAYS_SEARCH_USER_PATHS = NO;
				CLANG_ANALYZER_NONNULL = YES;
				CLANG_CXX_LANGUAGE_STANDARD = "gnu++0x";
				CLANG_CXX_LIBRARY = "libc++";
				CLANG_ENABLE_MODULES = YES;
				CLANG_ENABLE_OBJC_ARC = YES;
				CLANG_WARN_BOOL_CONVERSION = YES;
				CLANG_WARN_CONSTANT_CONVERSION = YES;
				CLANG_WARN_DIRECT_OBJC_ISA_USAGE = YES_ERROR;
				CLANG_WARN_EMPTY_BODY = YES;
				CLANG_WARN_ENUM_CONVERSION = YES;
				CLANG_WARN_INT_CONVERSION = YES;
				CLANG_WARN_OBJC_ROOT_CLASS = YES_ERROR;
				CLANG_WARN_UNREACHABLE_CODE = YES;
				CLANG_WARN__DUPLICATE_METHOD_MATCH = YES;
				"CODE_SIGN_IDENTITY[sdk=iphoneos*]" = "iPhone Developer";
				COPY_PHASE_STRIP = NO;
				DEBUG_INFORMATION_FORMAT = dwarf;
				ENABLE_STRICT_OBJC_MSGSEND = YES;
				ENABLE_TESTABILITY = YES;
				GCC_C_LANGUAGE_STANDARD = gnu99;
				GCC_DYNAMIC_NO_PIC = NO;
				GCC_NO_COMMON_BLOCKS = YES;
				GCC_OPTIMIZATION_LEVEL = 0;
				GCC_PREPROCESSOR_DEFINITIONS = (
					"DEBUG=1",
					"$(inherited)",
				);
				GCC_WARN_64_TO_32_BIT_CONVERSION = YES;
				GCC_WARN_ABOUT_RETURN_TYPE = YES_ERROR;
				GCC_WARN_UNDECLARED_SELECTOR = YES;
				GCC_WARN_UNINITIALIZED_AUTOS = YES_AGGRESSIVE;
				GCC_WARN_UNUSED_FUNCTION = YES;
				GCC_WARN_UNUSED_VARIABLE = YES;
				IPHONEOS_DEPLOYMENT_TARGET = 9.3;
				MTL_ENABLE_DEBUG_INFO = YES;
				ONLY_ACTIVE_ARCH = YES;
				SDKROOT = iphoneos;
				SWIFT_OPTIMIZATION_LEVEL = "-Onone";
				TARGETED_DEVICE_FAMILY = "1,2";
			};
			name = Debug;
		};
		A13ABAE81CE9F79100F8D01B /* Release */ = {
			isa = XCBuildConfiguration;
			buildSettings = {
				ALWAYS_SEARCH_USER_PATHS = NO;
				CLANG_ANALYZER_NONNULL = YES;
				CLANG_CXX_LANGUAGE_STANDARD = "gnu++0x";
				CLANG_CXX_LIBRARY = "libc++";
				CLANG_ENABLE_MODULES = YES;
				CLANG_ENABLE_OBJC_ARC = YES;
				CLANG_WARN_BOOL_CONVERSION = YES;
				CLANG_WARN_CONSTANT_CONVERSION = YES;
				CLANG_WARN_DIRECT_OBJC_ISA_USAGE = YES_ERROR;
				CLANG_WARN_EMPTY_BODY = YES;
				CLANG_WARN_ENUM_CONVERSION = YES;
				CLANG_WARN_INT_CONVERSION = YES;
				CLANG_WARN_OBJC_ROOT_CLASS = YES_ERROR;
				CLANG_WARN_UNREACHABLE_CODE = YES;
				CLANG_WARN__DUPLICATE_METHOD_MATCH = YES;
				"CODE_SIGN_IDENTITY[sdk=iphoneos*]" = "iPhone Developer";
				COPY_PHASE_STRIP = NO;
				DEBUG_INFORMATION_FORMAT = "dwarf-with-dsym";
				ENABLE_NS_ASSERTIONS = NO;
				ENABLE_STRICT_OBJC_MSGSEND = YES;
				GCC_C_LANGUAGE_STANDARD = gnu99;
				GCC_NO_COMMON_BLOCKS = YES;
				GCC_WARN_64_TO_32_BIT_CONVERSION = YES;
				GCC_WARN_ABOUT_RETURN_TYPE = YES_ERROR;
				GCC_WARN_UNDECLARED_SELECTOR = YES;
				GCC_WARN_UNINITIALIZED_AUTOS = YES_AGGRESSIVE;
				GCC_WARN_UNUSED_FUNCTION = YES;
				GCC_WARN_UNUSED_VARIABLE = YES;
				IPHONEOS_DEPLOYMENT_TARGET = 9.3;
				MTL_ENABLE_DEBUG_INFO = NO;
				SDKROOT = iphoneos;
				TARGETED_DEVICE_FAMILY = "1,2";
				VALIDATE_PRODUCT = YES;
			};
			name = Release;
		};
		A13ABAEA1CE9F79100F8D01B /* Debug */ = {
			isa = XCBuildConfiguration;
			buildSettings = {
				ASSETCATALOG_COMPILER_APPICON_NAME = AppIcon;
				FRAMEWORK_SEARCH_PATHS = (
					"$(inherited)",
					"$(PROJECT_DIR)/HTK/Common",
				);
				INFOPLIST_FILE = HTK/Info.plist;
				LD_RUNPATH_SEARCH_PATHS = "$(inherited) @executable_path/Frameworks";
				PRODUCT_BUNDLE_IDENTIFIER = zhaobin.HTK;
				PRODUCT_NAME = "$(TARGET_NAME)";
				SWIFT_OBJC_BRIDGING_HEADER = "/Users/zhixiang/zhaobinCode/HTK/HTK/ Resources/Bridging-Header.h";
				"SWIFT_OPTIMIZATION_LEVEL[arch=*]" = "-Onone";
			};
			name = Debug;
		};
		A13ABAEB1CE9F79100F8D01B /* Release */ = {
			isa = XCBuildConfiguration;
			buildSettings = {
				ASSETCATALOG_COMPILER_APPICON_NAME = AppIcon;
				FRAMEWORK_SEARCH_PATHS = (
					"$(inherited)",
					"$(PROJECT_DIR)/HTK/Common",
				);
				INFOPLIST_FILE = HTK/Info.plist;
				LD_RUNPATH_SEARCH_PATHS = "$(inherited) @executable_path/Frameworks";
				PRODUCT_BUNDLE_IDENTIFIER = zhaobin.HTK;
				PRODUCT_NAME = "$(TARGET_NAME)";
				SWIFT_OBJC_BRIDGING_HEADER = "/Users/zhixiang/zhaobinCode/HTK/HTK/ Resources/Bridging-Header.h";
			};
			name = Release;
		};
		A13ABAED1CE9F79100F8D01B /* Debug */ = {
			isa = XCBuildConfiguration;
			buildSettings = {
				BUNDLE_LOADER = "$(TEST_HOST)";
				INFOPLIST_FILE = HTKTests/Info.plist;
				LD_RUNPATH_SEARCH_PATHS = "$(inherited) @executable_path/Frameworks @loader_path/Frameworks";
				PRODUCT_BUNDLE_IDENTIFIER = zhaobin.HTKTests;
				PRODUCT_NAME = "$(TARGET_NAME)";
				TEST_HOST = "$(BUILT_PRODUCTS_DIR)/HTK.app/HTK";
			};
			name = Debug;
		};
		A13ABAEE1CE9F79100F8D01B /* Release */ = {
			isa = XCBuildConfiguration;
			buildSettings = {
				BUNDLE_LOADER = "$(TEST_HOST)";
				INFOPLIST_FILE = HTKTests/Info.plist;
				LD_RUNPATH_SEARCH_PATHS = "$(inherited) @executable_path/Frameworks @loader_path/Frameworks";
				PRODUCT_BUNDLE_IDENTIFIER = zhaobin.HTKTests;
				PRODUCT_NAME = "$(TARGET_NAME)";
				TEST_HOST = "$(BUILT_PRODUCTS_DIR)/HTK.app/HTK";
			};
			name = Release;
		};
		A13ABAF01CE9F79100F8D01B /* Debug */ = {
			isa = XCBuildConfiguration;
			buildSettings = {
				INFOPLIST_FILE = HTKUITests/Info.plist;
				LD_RUNPATH_SEARCH_PATHS = "$(inherited) @executable_path/Frameworks @loader_path/Frameworks";
				PRODUCT_BUNDLE_IDENTIFIER = zhaobin.HTKUITests;
				PRODUCT_NAME = "$(TARGET_NAME)";
				TEST_TARGET_NAME = HTK;
			};
			name = Debug;
		};
		A13ABAF11CE9F79100F8D01B /* Release */ = {
			isa = XCBuildConfiguration;
			buildSettings = {
				INFOPLIST_FILE = HTKUITests/Info.plist;
				LD_RUNPATH_SEARCH_PATHS = "$(inherited) @executable_path/Frameworks @loader_path/Frameworks";
				PRODUCT_BUNDLE_IDENTIFIER = zhaobin.HTKUITests;
				PRODUCT_NAME = "$(TARGET_NAME)";
				TEST_TARGET_NAME = HTK;
			};
			name = Release;
		};
/* End XCBuildConfiguration section */

/* Begin XCConfigurationList section */
		A13ABABC1CE9F79000F8D01B /* Build configuration list for PBXProject "HTK" */ = {
			isa = XCConfigurationList;
			buildConfigurations = (
				A13ABAE71CE9F79100F8D01B /* Debug */,
				A13ABAE81CE9F79100F8D01B /* Release */,
			);
			defaultConfigurationIsVisible = 0;
			defaultConfigurationName = Release;
		};
		A13ABAE91CE9F79100F8D01B /* Build configuration list for PBXNativeTarget "HTK" */ = {
			isa = XCConfigurationList;
			buildConfigurations = (
				A13ABAEA1CE9F79100F8D01B /* Debug */,
				A13ABAEB1CE9F79100F8D01B /* Release */,
			);
			defaultConfigurationIsVisible = 0;
			defaultConfigurationName = Release;
		};
		A13ABAEC1CE9F79100F8D01B /* Build configuration list for PBXNativeTarget "HTKTests" */ = {
			isa = XCConfigurationList;
			buildConfigurations = (
				A13ABAED1CE9F79100F8D01B /* Debug */,
				A13ABAEE1CE9F79100F8D01B /* Release */,
			);
			defaultConfigurationIsVisible = 0;
			defaultConfigurationName = Release;
		};
		A13ABAEF1CE9F79100F8D01B /* Build configuration list for PBXNativeTarget "HTKUITests" */ = {
			isa = XCConfigurationList;
			buildConfigurations = (
				A13ABAF01CE9F79100F8D01B /* Debug */,
				A13ABAF11CE9F79100F8D01B /* Release */,
			);
			defaultConfigurationIsVisible = 0;
			defaultConfigurationName = Release;
		};
/* End XCConfigurationList section */

/* Begin XCVersionGroup section */
		A13ABAFE1CE9F98400F8D01B /* HTKModel.xcdatamodeld */ = {
			isa = XCVersionGroup;
			children = (
				A13ABAFF1CE9F98400F8D01B /* HTKModel.xcdatamodel */,
			);
			currentVersion = A13ABAFF1CE9F98400F8D01B /* HTKModel.xcdatamodel */;
			path = HTKModel.xcdatamodeld;
			sourceTree = "<group>";
			versionGroupType = wrapper.xcdatamodel;
		};
/* End XCVersionGroup section */
	};
	rootObject = A13ABAB91CE9F79000F8D01B /* Project object */;
}
